PODS:
  - A2StoryboardSegueContext (1.0.1)
  - AFHTTPRequestOperationLogger (1.0.0):
    - AFNetworking (~> 1.0)
  - AFNetworking (1.3.4)
  - AFOAuth2Client (0.1.2):
    - AFNetworking (~> 1.3)
  - BlocksKit (2.2.2):
    - BlocksKit/All
  - BlocksKit/All (2.2.2):
    - BlocksKit/Core
    - BlocksKit/DynamicDelegate
    - BlocksKit/MessageUI
    - BlocksKit/UIKit
  - BlocksKit/Core (2.2.2)
  - BlocksKit/DynamicDelegate (2.2.2)
  - BlocksKit/MessageUI (2.2.2):
    - BlocksKit/Core
    - BlocksKit/DynamicDelegate
  - BlocksKit/UIKit (2.2.2):
    - BlocksKit/Core
    - BlocksKit/DynamicDelegate
  - Facebook-iOS-SDK (3.13.1)
  - FlatUIKit (1.2)
  - FMDB (2.2):
    - FMDB/standard
  - FMDB/common (2.2)
  - FMDB/standard (2.2):
    - FMDB/common
  - FormatterKit (1.2.1):
    - FormatterKit/AddressFormatter
    - FormatterKit/ArrayFormatter
    - FormatterKit/LocationFormatter
    - FormatterKit/OrdinalNumberFormatter
    - FormatterKit/TimeIntervalFormatter
    - FormatterKit/UnitOfInformationFormatter
    - FormatterKit/URLRequestFormatter
  - FormatterKit/AddressFormatter (1.2.1)
  - FormatterKit/ArrayFormatter (1.2.1)
  - FormatterKit/LocationFormatter (1.2.1)
  - FormatterKit/OrdinalNumberFormatter (1.2.1)
  - FormatterKit/TimeIntervalFormatter (1.2.1)
  - FormatterKit/UnitOfInformationFormatter (1.2.1)
  - FormatterKit/URLRequestFormatter (1.2.1)
  - GCJSONKit (1.5.0)
  - IAPManager (0.2.3)
  - ISO8601DateFormatter (0.7)
  - libextobjc (0.4):
    - libextobjc/EXTADT
    - libextobjc/EXTConcreteProtocol
    - libextobjc/EXTKeyPathCoding
    - libextobjc/EXTNil
    - libextobjc/EXTSafeCategory
    - libextobjc/EXTScope
    - libextobjc/EXTSelectorChecking
    - libextobjc/EXTSynthesize
    - libextobjc/NSInvocation+EXT
    - libextobjc/NSMethodSignature+EXT
    - libextobjc/RuntimeExtensions
    - libextobjc/UmbrellaHeader
  - libextobjc/EXTADT (0.4):
    - libextobjc/RuntimeExtensions
  - libextobjc/EXTConcreteProtocol (0.4):
    - libextobjc/RuntimeExtensions
  - libextobjc/EXTKeyPathCoding (0.4):
    - libextobjc/RuntimeExtensions
  - libextobjc/EXTNil (0.4):
    - libextobjc/RuntimeExtensions
  - libextobjc/EXTSafeCategory (0.4):
    - libextobjc/RuntimeExtensions
  - libextobjc/EXTScope (0.4):
    - libextobjc/RuntimeExtensions
  - libextobjc/EXTSelectorChecking (0.4):
    - libextobjc/RuntimeExtensions
  - libextobjc/EXTSynthesize (0.4):
    - libextobjc/RuntimeExtensions
  - libextobjc/NSInvocation+EXT (0.4):
    - libextobjc/RuntimeExtensions
  - libextobjc/NSMethodSignature+EXT (0.4):
    - libextobjc/RuntimeExtensions
  - libextobjc/RuntimeExtensions (0.4)
  - libextobjc/UmbrellaHeader (0.4)
  - NSData+Base64 (1.0.0)
  - RATreeView (0.2.0)
  - Reachability (3.0.0)
  - RHAddressBook (1.0.4)
  - SBData (0.0.1):
    - AFHTTPRequestOperationLogger
    - AFNetworking (~> 1)
    - AFOAuth2Client
    - FMDB
    - GCJSONKit
    - ISO8601DateFormatter
    - SecureUDID
    - sqlite3
  - SDWebImage (3.6):
    - SDWebImage/Core
  - SDWebImage/Core (3.6)
  - SecureUDID (1.1)
  - sqlite3 (3.8.4.3):
    - sqlite3/common
  - sqlite3/common (3.8.4.3)
  - StyledPageControl (1.0)
  - UIActivityIndicator-for-SDWebImage (1.0.4):
    - SDWebImage (~> 3.2)
  - UIImage-Resize (1.0.1)

DEPENDENCIES:
  - A2StoryboardSegueContext (~> 1.0.1)
  - BlocksKit (~> 2.2.0)
  - Facebook-iOS-SDK
  - FlatUIKit (from `https://github.com/Grouper/FlatUIKit.git`, commit `7ac31ad3429e0dbad1d1f87f1c18fac5d0895044`)
  - FormatterKit (~> 1.2.1)
  - IAPManager (~> 0.2.2)
  - ISO8601DateFormatter (~> 0.6)
  - libextobjc (~> 0.4)
  - NSData+Base64 (~> 1.0.0)
  - RATreeView (~> 0.2.0)
  - Reachability (~> 3.0.0)
  - RHAddressBook (~> 1.0.2)
  - SBData (~> 0.0.1)
  - SDWebImage (~> 3.6)
  - StyledPageControl (~> 1.0)
  - UIActivityIndicator-for-SDWebImage (~> 1.0.3)
  - UIImage-Resize (~> 1.0.1)

EXTERNAL SOURCES:
  FlatUIKit:
    :commit: 7ac31ad3429e0dbad1d1f87f1c18fac5d0895044
    :git: https://github.com/Grouper/FlatUIKit.git

SPEC CHECKSUMS:
  A2StoryboardSegueContext: fb8cb8ee3fbf4ce3a113dfef74fd6aabfaa3ec4a
  AFHTTPRequestOperationLogger: c6ad1f4bfd64fc9a8dbe94c8489420d195f15cb0
  AFNetworking: e403d4333a4e1956cb3fe42364c3c879f820c9a0
  AFOAuth2Client: 579d6f298b0047dfd5a6eec6ab5b28c01f6b4547
  BlocksKit: 125e4e69a62e3b85bacc5175737dae000b00b9fb
  Facebook-iOS-SDK: 0d121e16437981fabff9379e07bf646bd5ab245c
  FlatUIKit: 43b2acaa6f4ef57539b51b00e4ce62d506e33e11
  FMDB: e0dd09464b4e1a1cd7fa51ea835ae821b5656865
  FormatterKit: 43c6567e367a872196747fda0c26395c37bd7dd6
  GCJSONKit: 127785be50e1577b1d7cbd7a357c942d1f4d4375
  IAPManager: 457e0007440e6ce81e7a6b16031c860bffac8d82
  ISO8601DateFormatter: 00944e437ea647f4244454ce8809d313861d08de
  libextobjc: 2c9fc8226f0f38e562587f65172f93f0c9b4a47a
  NSData+Base64: bd5dacbc799c0339bd6a961a9ea80dd6eba11b33
  RATreeView: fe5d5a7d6bdff3bdd63921b3f94503cda8788f1a
  Reachability: 500bd76bf6cd8ff2c6fb715fc5f44ef6e4c024f2
  RHAddressBook: e777e45ad04b204381a57cc7f2b57623de7bc5a9
  SBData: 1e24e03d4aaea50c1387939c037ededa2797a768
  SDWebImage: 7eb273e54ca8a2e506ad9bd5e80c35b2a4d7c95e
  SecureUDID: fa5e0f8561ead11b2fcf2c93a9bf0d4c6551681a
  sqlite3: 04f92b2dcd748b522bf96cc9b16ccb2b0acd9cc8
  StyledPageControl: c63d0d5eed3151241ac2ee10f3dc01305c3ae421
  UIActivityIndicator-for-SDWebImage: 0f729f1fa55409381c078c76428482ea15a1ac8c
  UIImage-Resize: b71ddbd27e5a29c2776df5c55b766928050437b2

COCOAPODS: 0.29.0
