// !$*UTF8*$!
{
	archiveVersion = 1;
	classes = {
	};
	objectVersion = 46;
	objects = {

/* Begin PBXBuildFile section */
		1527AE2F17DFDCEA00D181D7 /* Security.framework in Frameworks */ = {isa = PBXBuildFile; fileRef = 1527AE2E17DFDCEA00D181D7 /* Security.framework */; };
		1527AE3117DFDCEF00D181D7 /* MobileCoreServices.framework in Frameworks */ = {isa = PBXBuildFile; fileRef = 1527AE3017DFDCEF00D181D7 /* MobileCoreServices.framework */; };
		1527AE3317DFDCFB00D181D7 /* SystemConfiguration.framework in Frameworks */ = {isa = PBXBuildFile; fileRef = 1527AE3217DFDCFB00D181D7 /* SystemConfiguration.framework */; };
		153BBC3417DFC2E40071E63B /* UIKit.framework in Frameworks */ = {isa = PBXBuildFile; fileRef = 153BBC3317DFC2E40071E63B /* UIKit.framework */; };
		153BBC3617DFC2E40071E63B /* Foundation.framework in Frameworks */ = {isa = PBXBuildFile; fileRef = 153BBC3517DFC2E40071E63B /* Foundation.framework */; };
		153BBC3817DFC2E40071E63B /* CoreGraphics.framework in Frameworks */ = {isa = PBXBuildFile; fileRef = 153BBC3717DFC2E40071E63B /* CoreGraphics.framework */; };
		1561B7F317FDFB1E00444F22 /* StoreKit.framework in Frameworks */ = {isa = PBXBuildFile; fileRef = 1561B7F217FDFB1E00444F22 /* StoreKit.framework */; };
		15A2379F17E2865A00225942 /* QuartzCore.framework in Frameworks */ = {isa = PBXBuildFile; fileRef = 15A2379E17E2865A00225942 /* QuartzCore.framework */; };
		15CD295517F7804A0027DFEC /* AddressBook.framework in Frameworks */ = {isa = PBXBuildFile; fileRef = 15CD295317F7804A0027DFEC /* AddressBook.framework */; };
		15CD295617F7804A0027DFEC /* AddressBookUI.framework in Frameworks */ = {isa = PBXBuildFile; fileRef = 15CD295417F7804A0027DFEC /* AddressBookUI.framework */; };
		61A0C8A5904D4788A81F9EA6 /* libPods.a in Frameworks */ = {isa = PBXBuildFile; fileRef = C7A0D11613844A1D9BF1BC9E /* libPods.a */; };
		896ACA5018B66376001E9C64 /* UbertestersSDK.framework in Frameworks */ = {isa = PBXBuildFile; fileRef = 896ACA4E18B66376001E9C64 /* UbertestersSDK.framework */; };
		896ACA5218B66377001E9C64 /* UbertestersSDKResources.bundle in Resources */ = {isa = PBXBuildFile; fileRef = 896ACA4F18B66376001E9C64 /* UbertestersSDKResources.bundle */; };
		896ACC4F18B664F5001E9C64 /* ProhibitionRound.ttf in Resources */ = {isa = PBXBuildFile; fileRef = 896ACBB718B664F5001E9C64 /* ProhibitionRound.ttf */; };
		896ACC5118B664F5001E9C64 /* Default-568h@2x.png in Resources */ = {isa = PBXBuildFile; fileRef = 896ACBB918B664F5001E9C64 /* Default-568h@2x.png */; };
		896ACC5318B664F5001E9C64 /* Default.png in Resources */ = {isa = PBXBuildFile; fileRef = 896ACBBA18B664F5001E9C64 /* Default.png */; };
		896ACC5518B664F5001E9C64 /* Default@2x.png in Resources */ = {isa = PBXBuildFile; fileRef = 896ACBBB18B664F5001E9C64 /* Default@2x.png */; };
		896ACC5718B664F5001E9C64 /* FMF-120.png in Resources */ = {isa = PBXBuildFile; fileRef = 896ACBBD18B664F5001E9C64 /* FMF-120.png */; };
		896ACC5918B664F5001E9C64 /* FMF-58.png in Resources */ = {isa = PBXBuildFile; fileRef = 896ACBBE18B664F5001E9C64 /* FMF-58.png */; };
		896ACC5B18B664F5001E9C64 /* FMF-72.png in Resources */ = {isa = PBXBuildFile; fileRef = 896ACBBF18B664F5001E9C64 /* FMF-72.png */; };
		896ACC5D18B664F5001E9C64 /* FMF-72@2x.png in Resources */ = {isa = PBXBuildFile; fileRef = 896ACBC018B664F5001E9C64 /* FMF-72@2x.png */; };
		896ACC5F18B664F5001E9C64 /* FMF-80.png in Resources */ = {isa = PBXBuildFile; fileRef = 896ACBC118B664F5001E9C64 /* FMF-80.png */; };
		896ACC6318B664F5001E9C64 /* FMF-Small-50@2x.png in Resources */ = {isa = PBXBuildFile; fileRef = 896ACBC318B664F5001E9C64 /* FMF-Small-50@2x.png */; };
		896ACC6518B664F5001E9C64 /* FMF-Small.png in Resources */ = {isa = PBXBuildFile; fileRef = 896ACBC418B664F5001E9C64 /* FMF-Small.png */; };
		896ACC6718B664F5001E9C64 /* FMF-Small@2x.png in Resources */ = {isa = PBXBuildFile; fileRef = 896ACBC518B664F5001E9C64 /* FMF-Small@2x.png */; };
		896ACC6918B664F5001E9C64 /* FMF.png in Resources */ = {isa = PBXBuildFile; fileRef = 896ACBC618B664F5001E9C64 /* FMF.png */; };
		896ACC6B18B664F5001E9C64 /* FMF@2x.png in Resources */ = {isa = PBXBuildFile; fileRef = 896ACBC718B664F5001E9C64 /* FMF@2x.png */; };
		896ACC6D18B664F5001E9C64 /* iTunesArtwork.png in Resources */ = {isa = PBXBuildFile; fileRef = 896ACBC818B664F5001E9C64 /* iTunesArtwork.png */; };
		896ACC6F18B664F5001E9C64 /* iTunesArtwork@2x.png in Resources */ = {isa = PBXBuildFile; fileRef = 896ACBC918B664F5001E9C64 /* iTunesArtwork@2x.png */; };
		896ACC7118B664F5001E9C64 /* 0-percent.png in Resources */ = {isa = PBXBuildFile; fileRef = 896ACBCB18B664F5001E9C64 /* 0-percent.png */; };
		896ACC7318B664F5001E9C64 /* 40-percent.png in Resources */ = {isa = PBXBuildFile; fileRef = 896ACBCC18B664F5001E9C64 /* 40-percent.png */; };
		896ACC7518B664F5001E9C64 /* avatarmask@2x.png in Resources */ = {isa = PBXBuildFile; fileRef = 896ACBCD18B664F5001E9C64 /* avatarmask@2x.png */; };
		896ACC7718B664F5001E9C64 /* backbtn@2x.png in Resources */ = {isa = PBXBuildFile; fileRef = 896ACBCE18B664F5001E9C64 /* backbtn@2x.png */; };
		896ACC7918B664F5001E9C64 /* bannerclose@2x.png in Resources */ = {isa = PBXBuildFile; fileRef = 896ACBCF18B664F5001E9C64 /* bannerclose@2x.png */; };
		896ACC7B18B664F5001E9C64 /* bluedot@2x.png in Resources */ = {isa = PBXBuildFile; fileRef = 896ACBD018B664F5001E9C64 /* bluedot@2x.png */; };
		896ACC7D18B664F5001E9C64 /* checkmark@2x.png in Resources */ = {isa = PBXBuildFile; fileRef = 896ACBD118B664F5001E9C64 /* checkmark@2x.png */; };
		896ACC7F18B664F5001E9C64 /* contestcircle@2x.png in Resources */ = {isa = PBXBuildFile; fileRef = 896ACBD218B664F5001E9C64 /* contestcircle@2x.png */; };
		896ACC8118B664F5001E9C64 /* dailyfantasyfootball@2x.png in Resources */ = {isa = PBXBuildFile; fileRef = 896ACBD318B664F5001E9C64 /* dailyfantasyfootball@2x.png */; };
		896ACC8318B664F5001E9C64 /* darkgreen.png in Resources */ = {isa = PBXBuildFile; fileRef = 896ACBD418B664F5001E9C64 /* darkgreen.png */; };
		896ACC8518B664F5001E9C64 /* defaultuser@2x.png in Resources */ = {isa = PBXBuildFile; fileRef = 896ACBD518B664F5001E9C64 /* defaultuser@2x.png */; };
		896ACC8718B664F5001E9C64 /* disclosuredark@2x.png in Resources */ = {isa = PBXBuildFile; fileRef = 896ACBD618B664F5001E9C64 /* disclosuredark@2x.png */; };
		896ACC8918B664F5001E9C64 /* disclosurelight@2x.png in Resources */ = {isa = PBXBuildFile; fileRef = 896ACBD718B664F5001E9C64 /* disclosurelight@2x.png */; };
		896ACC8B18B664F5001E9C64 /* fmf-logo@2x.png in Resources */ = {isa = PBXBuildFile; fileRef = 896ACBD818B664F5001E9C64 /* fmf-logo@2x.png */; };
		896ACC8D18B664F5001E9C64 /* fmf-splash-copy@2x.png in Resources */ = {isa = PBXBuildFile; fileRef = 896ACBD918B664F5001E9C64 /* fmf-splash-copy@2x.png */; };
		896ACC8F18B664F5001E9C64 /* globalmenu-highlighted@2x.png in Resources */ = {isa = PBXBuildFile; fileRef = 896ACBDA18B664F5001E9C64 /* globalmenu-highlighted@2x.png */; };
		896ACC9118B664F5001E9C64 /* globalmenu@2x.png in Resources */ = {isa = PBXBuildFile; fileRef = 896ACBDB18B664F5001E9C64 /* globalmenu@2x.png */; };
		896ACC9318B664F5001E9C64 /* greendot@2x.png in Resources */ = {isa = PBXBuildFile; fileRef = 896ACBDC18B664F5001E9C64 /* greendot@2x.png */; };
		896ACC9518B664F5001E9C64 /* greydot@2x.png in Resources */ = {isa = PBXBuildFile; fileRef = 896ACBDD18B664F5001E9C64 /* greydot@2x.png */; };
		896ACC9718B664F5001E9C64 /* helmet-placeholder.png in Resources */ = {isa = PBXBuildFile; fileRef = 896ACBDE18B664F5001E9C64 /* helmet-placeholder.png */; };
		896ACC9918B664F5001E9C64 /* helmet-placeholder@2x.png in Resources */ = {isa = PBXBuildFile; fileRef = 896ACBDF18B664F5001E9C64 /* helmet-placeholder@2x.png */; };
		896ACC9B18B664F5001E9C64 /* leftshuttle@2x.png in Resources */ = {isa = PBXBuildFile; fileRef = 896ACBE018B664F5001E9C64 /* leftshuttle@2x.png */; };
		896ACC9D18B664F5001E9C64 /* loginbg@2x.png in Resources */ = {isa = PBXBuildFile; fileRef = 896ACBE118B664F5001E9C64 /* loginbg@2x.png */; };
		896ACC9F18B664F5001E9C64 /* player-cutout@2x.png in Resources */ = {isa = PBXBuildFile; fileRef = 896ACBE218B664F5001E9C64 /* player-cutout@2x.png */; };
		896ACCA318B664F5001E9C64 /* reddot@2x.png in Resources */ = {isa = PBXBuildFile; fileRef = 896ACBE418B664F5001E9C64 /* reddot@2x.png */; };
		896ACCA518B664F5001E9C64 /* rightshuttle@2x.png in Resources */ = {isa = PBXBuildFile; fileRef = 896ACBE518B664F5001E9C64 /* rightshuttle@2x.png */; };
		896ACCA718B664F5001E9C64 /* rosterslotempty@2x.png in Resources */ = {isa = PBXBuildFile; fileRef = 896ACBE618B664F5001E9C64 /* rosterslotempty@2x.png */; };
		896ACCA918B664F5001E9C64 /* sectionback@2x.png in Resources */ = {isa = PBXBuildFile; fileRef = 896ACBE718B664F5001E9C64 /* sectionback@2x.png */; };
		896ACCAB18B664F5001E9C64 /* FFAppDelegate.m in Sources */ = {isa = PBXBuildFile; fileRef = 896ACBEA18B664F5001E9C64 /* FFAppDelegate.m */; };
		896ACCAD18B664F5001E9C64 /* FFBaseViewController.m in Sources */ = {isa = PBXBuildFile; fileRef = 896ACBEC18B664F5001E9C64 /* FFBaseViewController.m */; };
		896ACCAF18B664F5001E9C64 /* FFContestEntrantsViewController.m in Sources */ = {isa = PBXBuildFile; fileRef = 896ACBEE18B664F5001E9C64 /* FFContestEntrantsViewController.m */; };
		896ACCB118B664F5001E9C64 /* FFContestViewController.m in Sources */ = {isa = PBXBuildFile; fileRef = 896ACBF018B664F5001E9C64 /* FFContestViewController.m */; };
		896ACCB318B664F5001E9C64 /* FFCreateGameViewController.m in Sources */ = {isa = PBXBuildFile; fileRef = 896ACBF218B664F5001E9C64 /* FFCreateGameViewController.m */; };
		896ACCB518B664F5001E9C64 /* FFDrawerViewController.m in Sources */ = {isa = PBXBuildFile; fileRef = 896ACBF418B664F5001E9C64 /* FFDrawerViewController.m */; };
		896ACCB718B664F5001E9C64 /* FFFindGameViewController.m in Sources */ = {isa = PBXBuildFile; fileRef = 896ACBF618B664F5001E9C64 /* FFFindGameViewController.m */; };
		896ACCB918B664F5001E9C64 /* FFHomeViewController.m in Sources */ = {isa = PBXBuildFile; fileRef = 896ACBF818B664F5001E9C64 /* FFHomeViewController.m */; };
		896ACCBB18B664F5001E9C64 /* FFInviteViewController.m in Sources */ = {isa = PBXBuildFile; fileRef = 896ACBFA18B664F5001E9C64 /* FFInviteViewController.m */; };
		896ACCBD18B664F5001E9C64 /* FFMenuViewController.m in Sources */ = {isa = PBXBuildFile; fileRef = 896ACBFC18B664F5001E9C64 /* FFMenuViewController.m */; };
		896ACCBF18B664F5001E9C64 /* FFMyAccountViewController.m in Sources */ = {isa = PBXBuildFile; fileRef = 896ACBFE18B664F5001E9C64 /* FFMyAccountViewController.m */; };
		896ACCC118B664F5001E9C64 /* FFNavigationController.m in Sources */ = {isa = PBXBuildFile; fileRef = 896ACC0018B664F5001E9C64 /* FFNavigationController.m */; };
		896ACCC318B664F5001E9C64 /* FFOptionSelectController.m in Sources */ = {isa = PBXBuildFile; fileRef = 896ACC0218B664F5001E9C64 /* FFOptionSelectController.m */; };
		896ACCC518B664F5001E9C64 /* FFRosterViewController.m in Sources */ = {isa = PBXBuildFile; fileRef = 896ACC0418B664F5001E9C64 /* FFRosterViewController.m */; };
		896ACCC718B664F5001E9C64 /* FFSessionViewController.m in Sources */ = {isa = PBXBuildFile; fileRef = 896ACC0618B664F5001E9C64 /* FFSessionViewController.m */; };
		896ACCC918B664F5001E9C64 /* FFTickerDrawerViewController.m in Sources */ = {isa = PBXBuildFile; fileRef = 896ACC0818B664F5001E9C64 /* FFTickerDrawerViewController.m */; };
		896ACCCB18B664F5001E9C64 /* FFTickerMaximizedDrawerViewController.m in Sources */ = {isa = PBXBuildFile; fileRef = 896ACC0A18B664F5001E9C64 /* FFTickerMaximizedDrawerViewController.m */; };
		896ACCCD18B664F5001E9C64 /* FFTickerMinimizedDrawerViewController.m in Sources */ = {isa = PBXBuildFile; fileRef = 896ACC0C18B664F5001E9C64 /* FFTickerMinimizedDrawerViewController.m */; };
		896ACCCF18B664F5001E9C64 /* FFTokenPurchaseViewController.m in Sources */ = {isa = PBXBuildFile; fileRef = 896ACC0E18B664F5001E9C64 /* FFTokenPurchaseViewController.m */; };
		896ACCD118B664F5001E9C64 /* FFValueEntryController.m in Sources */ = {isa = PBXBuildFile; fileRef = 896ACC1018B664F5001E9C64 /* FFValueEntryController.m */; };
		896ACCD318B664F5001E9C64 /* FFWebViewController.m in Sources */ = {isa = PBXBuildFile; fileRef = 896ACC1218B664F5001E9C64 /* FFWebViewController.m */; };
		896ACCD718B664F5001E9C64 /* FFStyle.m in Sources */ = {isa = PBXBuildFile; fileRef = 896ACC1718B664F5001E9C64 /* FFStyle.m */; };
		896ACCD918B664F5001E9C64 /* FFTickerDataSource.m in Sources */ = {isa = PBXBuildFile; fileRef = 896ACC1918B664F5001E9C64 /* FFTickerDataSource.m */; };
		896ACCDB18B664F5001E9C64 /* FFWeakReference.m in Sources */ = {isa = PBXBuildFile; fileRef = 896ACC1B18B664F5001E9C64 /* FFWeakReference.m */; };
		896ACCDF18B664F5001E9C64 /* NSDate+ISO8601.m in Sources */ = {isa = PBXBuildFile; fileRef = 896ACC1F18B664F5001E9C64 /* NSDate+ISO8601.m */; };
		896ACCE118B664F5001E9C64 /* UIView+FindFirstResponder.m in Sources */ = {isa = PBXBuildFile; fileRef = 896ACC2118B664F5001E9C64 /* UIView+FindFirstResponder.m */; };
		896ACCE318B664F5001E9C64 /* InfoPlist.strings in Resources */ = {isa = PBXBuildFile; fileRef = 896ACC2218B664F5001E9C64 /* InfoPlist.strings */; };
		896ACCE518B664F5001E9C64 /* main.m in Sources */ = {isa = PBXBuildFile; fileRef = 896ACC2318B664F5001E9C64 /* main.m */; };
		896ACCE718B664F5001E9C64 /* FFContestType.m in Sources */ = {isa = PBXBuildFile; fileRef = 896ACC2618B664F5001E9C64 /* FFContestType.m */; };
		896ACCE918B664F5001E9C64 /* FFGame.m in Sources */ = {isa = PBXBuildFile; fileRef = 896ACC2818B664F5001E9C64 /* FFGame.m */; };
		896ACCEB18B664F5001E9C64 /* FFMarket.m in Sources */ = {isa = PBXBuildFile; fileRef = 896ACC2A18B664F5001E9C64 /* FFMarket.m */; };
		896ACCED18B664F5001E9C64 /* FFRoster.m in Sources */ = {isa = PBXBuildFile; fileRef = 896ACC2C18B664F5001E9C64 /* FFRoster.m */; };
		896ACCEF18B664F5001E9C64 /* FFSession.m in Sources */ = {isa = PBXBuildFile; fileRef = 896ACC2E18B664F5001E9C64 /* FFSession.m */; };
		896ACCF118B664F5001E9C64 /* FFUser.m in Sources */ = {isa = PBXBuildFile; fileRef = 896ACC3018B664F5001E9C64 /* FFUser.m */; };
		896ACCF318B664F5001E9C64 /* FFContest2UpTabelViewCell.m in Sources */ = {isa = PBXBuildFile; fileRef = 896ACC3418B664F5001E9C64 /* FFContest2UpTabelViewCell.m */; };
		896ACCF518B664F5001E9C64 /* FFPlayerSelectCell.m in Sources */ = {isa = PBXBuildFile; fileRef = 896ACC3618B664F5001E9C64 /* FFPlayerSelectCell.m */; };
		896ACCF718B664F5001E9C64 /* FFRosterSlotCell.m in Sources */ = {isa = PBXBuildFile; fileRef = 896ACC3818B664F5001E9C64 /* FFRosterSlotCell.m */; };
		896ACCF918B664F5001E9C64 /* FFAlertView.m in Sources */ = {isa = PBXBuildFile; fileRef = 896ACC3B18B664F5001E9C64 /* FFAlertView.m */; };
		896ACCFB18B664F5001E9C64 /* FFBalanceButton.m in Sources */ = {isa = PBXBuildFile; fileRef = 896ACC3D18B664F5001E9C64 /* FFBalanceButton.m */; };
		896ACCFD18B664F5001E9C64 /* FFBubblePicker.m in Sources */ = {isa = PBXBuildFile; fileRef = 896ACC3F18B664F5001E9C64 /* FFBubblePicker.m */; };
		896ACCFF18B664F5001E9C64 /* FFContestView.m in Sources */ = {isa = PBXBuildFile; fileRef = 896ACC4118B664F5001E9C64 /* FFContestView.m */; };
		896ACD0118B664F5001E9C64 /* FFGameButtonView.m in Sources */ = {isa = PBXBuildFile; fileRef = 896ACC4318B664F5001E9C64 /* FFGameButtonView.m */; };
		896ACD0318B664F5001E9C64 /* FFMarketSelector.m in Sources */ = {isa = PBXBuildFile; fileRef = 896ACC4518B664F5001E9C64 /* FFMarketSelector.m */; };
		896ACD0518B664F5001E9C64 /* FFNavigationBarItemView.m in Sources */ = {isa = PBXBuildFile; fileRef = 896ACC4718B664F5001E9C64 /* FFNavigationBarItemView.m */; };
		896ACD0718B664F5001E9C64 /* FFTextField.m in Sources */ = {isa = PBXBuildFile; fileRef = 896ACC4918B664F5001E9C64 /* FFTextField.m */; };
		896ACD0918B664F5001E9C64 /* FFUserBitView.m in Sources */ = {isa = PBXBuildFile; fileRef = 896ACC4B18B664F5001E9C64 /* FFUserBitView.m */; };
		896ACD0B18B664F5001E9C64 /* MainStoryboard_iPad.storyboard in Resources */ = {isa = PBXBuildFile; fileRef = 896ACC4D18B664F5001E9C64 /* MainStoryboard_iPad.storyboard */; };
		896ACD0D18B664F5001E9C64 /* MainStoryboard_iPhone.storyboard in Resources */ = {isa = PBXBuildFile; fileRef = 896ACC4E18B664F5001E9C64 /* MainStoryboard_iPhone.storyboard */; };
		89C3656518B7CBD5003C7A9C /* FMF-Small-50.png in Resources */ = {isa = PBXBuildFile; fileRef = 896ACBC218B664F5001E9C64 /* FMF-Small-50.png */; };
		89C3656618B7CBF2003C7A9C /* playerselectmask@2x.png in Resources */ = {isa = PBXBuildFile; fileRef = 896ACBE318B664F5001E9C64 /* playerselectmask@2x.png */; };
		89DFD28E18B37ECC0079F427 /* AdSupport.framework in Frameworks */ = {isa = PBXBuildFile; fileRef = 89DFD28D18B37ECC0079F427 /* AdSupport.framework */; };
		89DFD29018B37EE30079F427 /* CoreImage.framework in Frameworks */ = {isa = PBXBuildFile; fileRef = 89DFD28F18B37EE30079F427 /* CoreImage.framework */; };
		89DFD29218B37F1B0079F427 /* CoreTelephony.framework in Frameworks */ = {isa = PBXBuildFile; fileRef = 89DFD29118B37F1B0079F427 /* CoreTelephony.framework */; };
		89DFD29418B37F2B0079F427 /* CoreLocation.framework in Frameworks */ = {isa = PBXBuildFile; fileRef = 89DFD29318B37F2B0079F427 /* CoreLocation.framework */; };
		89DFD29618B37F3A0079F427 /* AudioToolbox.framework in Frameworks */ = {isa = PBXBuildFile; fileRef = 89DFD29518B37F3A0079F427 /* AudioToolbox.framework */; };
		89DFD29818B37F420079F427 /* OpenGLES.framework in Frameworks */ = {isa = PBXBuildFile; fileRef = 89DFD29718B37F420079F427 /* OpenGLES.framework */; };
/* End PBXBuildFile section */

/* Begin PBXFileReference section */
		1527AE2E17DFDCEA00D181D7 /* Security.framework */ = {isa = PBXFileReference; lastKnownFileType = wrapper.framework; name = Security.framework; path = System/Library/Frameworks/Security.framework; sourceTree = SDKROOT; };
		1527AE3017DFDCEF00D181D7 /* MobileCoreServices.framework */ = {isa = PBXFileReference; lastKnownFileType = wrapper.framework; name = MobileCoreServices.framework; path = System/Library/Frameworks/MobileCoreServices.framework; sourceTree = SDKROOT; };
		1527AE3217DFDCFB00D181D7 /* SystemConfiguration.framework */ = {isa = PBXFileReference; lastKnownFileType = wrapper.framework; name = SystemConfiguration.framework; path = System/Library/Frameworks/SystemConfiguration.framework; sourceTree = SDKROOT; };
		153BBC3017DFC2E40071E63B /* FMF Football.app */ = {isa = PBXFileReference; explicitFileType = wrapper.application; includeInIndex = 0; path = "FMF Football.app"; sourceTree = BUILT_PRODUCTS_DIR; };
		153BBC3317DFC2E40071E63B /* UIKit.framework */ = {isa = PBXFileReference; lastKnownFileType = wrapper.framework; name = UIKit.framework; path = System/Library/Frameworks/UIKit.framework; sourceTree = SDKROOT; };
		153BBC3517DFC2E40071E63B /* Foundation.framework */ = {isa = PBXFileReference; lastKnownFileType = wrapper.framework; name = Foundation.framework; path = System/Library/Frameworks/Foundation.framework; sourceTree = SDKROOT; };
		153BBC3717DFC2E40071E63B /* CoreGraphics.framework */ = {isa = PBXFileReference; lastKnownFileType = wrapper.framework; name = CoreGraphics.framework; path = System/Library/Frameworks/CoreGraphics.framework; sourceTree = SDKROOT; };
		153BBC5A17DFC2E40071E63B /* SenTestingKit.framework */ = {isa = PBXFileReference; lastKnownFileType = wrapper.framework; name = SenTestingKit.framework; path = Library/Frameworks/SenTestingKit.framework; sourceTree = DEVELOPER_DIR; };
		1561B7F217FDFB1E00444F22 /* StoreKit.framework */ = {isa = PBXFileReference; lastKnownFileType = wrapper.framework; name = StoreKit.framework; path = System/Library/Frameworks/StoreKit.framework; sourceTree = SDKROOT; };
		15A2379E17E2865A00225942 /* QuartzCore.framework */ = {isa = PBXFileReference; lastKnownFileType = wrapper.framework; name = QuartzCore.framework; path = System/Library/Frameworks/QuartzCore.framework; sourceTree = SDKROOT; };
		15CD295317F7804A0027DFEC /* AddressBook.framework */ = {isa = PBXFileReference; lastKnownFileType = wrapper.framework; name = AddressBook.framework; path = System/Library/Frameworks/AddressBook.framework; sourceTree = SDKROOT; };
		15CD295417F7804A0027DFEC /* AddressBookUI.framework */ = {isa = PBXFileReference; lastKnownFileType = wrapper.framework; name = AddressBookUI.framework; path = System/Library/Frameworks/AddressBookUI.framework; sourceTree = SDKROOT; };
		896ACA4E18B66376001E9C64 /* UbertestersSDK.framework */ = {isa = PBXFileReference; lastKnownFileType = wrapper.framework; path = UbertestersSDK.framework; sourceTree = "<group>"; };
		896ACA4F18B66376001E9C64 /* UbertestersSDKResources.bundle */ = {isa = PBXFileReference; lastKnownFileType = "wrapper.plug-in"; path = UbertestersSDKResources.bundle; sourceTree = "<group>"; };
		896ACBB718B664F5001E9C64 /* ProhibitionRound.ttf */ = {isa = PBXFileReference; lastKnownFileType = file; path = ProhibitionRound.ttf; sourceTree = "<group>"; };
		896ACBB918B664F5001E9C64 /* Default-568h@2x.png */ = {isa = PBXFileReference; lastKnownFileType = image.png; path = "Default-568h@2x.png"; sourceTree = "<group>"; };
		896ACBBA18B664F5001E9C64 /* Default.png */ = {isa = PBXFileReference; lastKnownFileType = image.png; path = Default.png; sourceTree = "<group>"; };
		896ACBBB18B664F5001E9C64 /* Default@2x.png */ = {isa = PBXFileReference; lastKnownFileType = image.png; path = "Default@2x.png"; sourceTree = "<group>"; };
		896ACBBD18B664F5001E9C64 /* FMF-120.png */ = {isa = PBXFileReference; lastKnownFileType = image.png; path = "FMF-120.png"; sourceTree = "<group>"; };
		896ACBBE18B664F5001E9C64 /* FMF-58.png */ = {isa = PBXFileReference; lastKnownFileType = image.png; path = "FMF-58.png"; sourceTree = "<group>"; };
		896ACBBF18B664F5001E9C64 /* FMF-72.png */ = {isa = PBXFileReference; lastKnownFileType = image.png; path = "FMF-72.png"; sourceTree = "<group>"; };
		896ACBC018B664F5001E9C64 /* FMF-72@2x.png */ = {isa = PBXFileReference; lastKnownFileType = image.png; path = "FMF-72@2x.png"; sourceTree = "<group>"; };
		896ACBC118B664F5001E9C64 /* FMF-80.png */ = {isa = PBXFileReference; lastKnownFileType = image.png; path = "FMF-80.png"; sourceTree = "<group>"; };
		896ACBC218B664F5001E9C64 /* FMF-Small-50.png */ = {isa = PBXFileReference; lastKnownFileType = image.png; path = "FMF-Small-50.png"; sourceTree = "<group>"; };
		896ACBC318B664F5001E9C64 /* FMF-Small-50@2x.png */ = {isa = PBXFileReference; lastKnownFileType = image.png; path = "FMF-Small-50@2x.png"; sourceTree = "<group>"; };
		896ACBC418B664F5001E9C64 /* FMF-Small.png */ = {isa = PBXFileReference; lastKnownFileType = image.png; path = "FMF-Small.png"; sourceTree = "<group>"; };
		896ACBC518B664F5001E9C64 /* FMF-Small@2x.png */ = {isa = PBXFileReference; lastKnownFileType = image.png; path = "FMF-Small@2x.png"; sourceTree = "<group>"; };
		896ACBC618B664F5001E9C64 /* FMF.png */ = {isa = PBXFileReference; lastKnownFileType = image.png; path = FMF.png; sourceTree = "<group>"; };
		896ACBC718B664F5001E9C64 /* FMF@2x.png */ = {isa = PBXFileReference; lastKnownFileType = image.png; path = "FMF@2x.png"; sourceTree = "<group>"; };
		896ACBC818B664F5001E9C64 /* iTunesArtwork.png */ = {isa = PBXFileReference; lastKnownFileType = image.png; path = iTunesArtwork.png; sourceTree = "<group>"; };
		896ACBC918B664F5001E9C64 /* iTunesArtwork@2x.png */ = {isa = PBXFileReference; lastKnownFileType = image.png; path = "iTunesArtwork@2x.png"; sourceTree = "<group>"; };
		896ACBCB18B664F5001E9C64 /* 0-percent.png */ = {isa = PBXFileReference; lastKnownFileType = image.png; path = "0-percent.png"; sourceTree = "<group>"; };
		896ACBCC18B664F5001E9C64 /* 40-percent.png */ = {isa = PBXFileReference; lastKnownFileType = image.png; path = "40-percent.png"; sourceTree = "<group>"; };
		896ACBCD18B664F5001E9C64 /* avatarmask@2x.png */ = {isa = PBXFileReference; lastKnownFileType = image.png; path = "avatarmask@2x.png"; sourceTree = "<group>"; };
		896ACBCE18B664F5001E9C64 /* backbtn@2x.png */ = {isa = PBXFileReference; lastKnownFileType = image.png; path = "backbtn@2x.png"; sourceTree = "<group>"; };
		896ACBCF18B664F5001E9C64 /* bannerclose@2x.png */ = {isa = PBXFileReference; lastKnownFileType = image.png; path = "bannerclose@2x.png"; sourceTree = "<group>"; };
		896ACBD018B664F5001E9C64 /* bluedot@2x.png */ = {isa = PBXFileReference; lastKnownFileType = image.png; path = "bluedot@2x.png"; sourceTree = "<group>"; };
		896ACBD118B664F5001E9C64 /* checkmark@2x.png */ = {isa = PBXFileReference; lastKnownFileType = image.png; path = "checkmark@2x.png"; sourceTree = "<group>"; };
		896ACBD218B664F5001E9C64 /* contestcircle@2x.png */ = {isa = PBXFileReference; lastKnownFileType = image.png; path = "contestcircle@2x.png"; sourceTree = "<group>"; };
		896ACBD318B664F5001E9C64 /* dailyfantasyfootball@2x.png */ = {isa = PBXFileReference; lastKnownFileType = image.png; path = "dailyfantasyfootball@2x.png"; sourceTree = "<group>"; };
		896ACBD418B664F5001E9C64 /* darkgreen.png */ = {isa = PBXFileReference; lastKnownFileType = image.png; path = darkgreen.png; sourceTree = "<group>"; };
		896ACBD518B664F5001E9C64 /* defaultuser@2x.png */ = {isa = PBXFileReference; lastKnownFileType = image.png; path = "defaultuser@2x.png"; sourceTree = "<group>"; };
		896ACBD618B664F5001E9C64 /* disclosuredark@2x.png */ = {isa = PBXFileReference; lastKnownFileType = image.png; path = "disclosuredark@2x.png"; sourceTree = "<group>"; };
		896ACBD718B664F5001E9C64 /* disclosurelight@2x.png */ = {isa = PBXFileReference; lastKnownFileType = image.png; path = "disclosurelight@2x.png"; sourceTree = "<group>"; };
		896ACBD818B664F5001E9C64 /* fmf-logo@2x.png */ = {isa = PBXFileReference; lastKnownFileType = image.png; path = "fmf-logo@2x.png"; sourceTree = "<group>"; };
		896ACBD918B664F5001E9C64 /* fmf-splash-copy@2x.png */ = {isa = PBXFileReference; lastKnownFileType = image.png; path = "fmf-splash-copy@2x.png"; sourceTree = "<group>"; };
		896ACBDA18B664F5001E9C64 /* globalmenu-highlighted@2x.png */ = {isa = PBXFileReference; lastKnownFileType = image.png; path = "globalmenu-highlighted@2x.png"; sourceTree = "<group>"; };
		896ACBDB18B664F5001E9C64 /* globalmenu@2x.png */ = {isa = PBXFileReference; lastKnownFileType = image.png; path = "globalmenu@2x.png"; sourceTree = "<group>"; };
		896ACBDC18B664F5001E9C64 /* greendot@2x.png */ = {isa = PBXFileReference; lastKnownFileType = image.png; path = "greendot@2x.png"; sourceTree = "<group>"; };
		896ACBDD18B664F5001E9C64 /* greydot@2x.png */ = {isa = PBXFileReference; lastKnownFileType = image.png; path = "greydot@2x.png"; sourceTree = "<group>"; };
		896ACBDE18B664F5001E9C64 /* helmet-placeholder.png */ = {isa = PBXFileReference; lastKnownFileType = image.png; path = "helmet-placeholder.png"; sourceTree = "<group>"; };
		896ACBDF18B664F5001E9C64 /* helmet-placeholder@2x.png */ = {isa = PBXFileReference; lastKnownFileType = image.png; path = "helmet-placeholder@2x.png"; sourceTree = "<group>"; };
		896ACBE018B664F5001E9C64 /* leftshuttle@2x.png */ = {isa = PBXFileReference; lastKnownFileType = image.png; path = "leftshuttle@2x.png"; sourceTree = "<group>"; };
		896ACBE118B664F5001E9C64 /* loginbg@2x.png */ = {isa = PBXFileReference; lastKnownFileType = image.png; path = "loginbg@2x.png"; sourceTree = "<group>"; };
		896ACBE218B664F5001E9C64 /* player-cutout@2x.png */ = {isa = PBXFileReference; lastKnownFileType = image.png; path = "player-cutout@2x.png"; sourceTree = "<group>"; };
		896ACBE318B664F5001E9C64 /* playerselectmask@2x.png */ = {isa = PBXFileReference; lastKnownFileType = image.png; path = "playerselectmask@2x.png"; sourceTree = "<group>"; };
		896ACBE418B664F5001E9C64 /* reddot@2x.png */ = {isa = PBXFileReference; lastKnownFileType = image.png; path = "reddot@2x.png"; sourceTree = "<group>"; };
		896ACBE518B664F5001E9C64 /* rightshuttle@2x.png */ = {isa = PBXFileReference; lastKnownFileType = image.png; path = "rightshuttle@2x.png"; sourceTree = "<group>"; };
		896ACBE618B664F5001E9C64 /* rosterslotempty@2x.png */ = {isa = PBXFileReference; lastKnownFileType = image.png; path = "rosterslotempty@2x.png"; sourceTree = "<group>"; };
		896ACBE718B664F5001E9C64 /* sectionback@2x.png */ = {isa = PBXFileReference; lastKnownFileType = image.png; path = "sectionback@2x.png"; sourceTree = "<group>"; };
		896ACBE918B664F5001E9C64 /* FFAppDelegate.h */ = {isa = PBXFileReference; fileEncoding = 4; lastKnownFileType = sourcecode.c.h; path = FFAppDelegate.h; sourceTree = "<group>"; };
		896ACBEA18B664F5001E9C64 /* FFAppDelegate.m */ = {isa = PBXFileReference; fileEncoding = 4; lastKnownFileType = sourcecode.c.objc; path = FFAppDelegate.m; sourceTree = "<group>"; };
		896ACBEB18B664F5001E9C64 /* FFBaseViewController.h */ = {isa = PBXFileReference; fileEncoding = 4; lastKnownFileType = sourcecode.c.h; path = FFBaseViewController.h; sourceTree = "<group>"; };
		896ACBEC18B664F5001E9C64 /* FFBaseViewController.m */ = {isa = PBXFileReference; fileEncoding = 4; lastKnownFileType = sourcecode.c.objc; path = FFBaseViewController.m; sourceTree = "<group>"; };
		896ACBED18B664F5001E9C64 /* FFContestEntrantsViewController.h */ = {isa = PBXFileReference; fileEncoding = 4; lastKnownFileType = sourcecode.c.h; path = FFContestEntrantsViewController.h; sourceTree = "<group>"; };
		896ACBEE18B664F5001E9C64 /* FFContestEntrantsViewController.m */ = {isa = PBXFileReference; fileEncoding = 4; lastKnownFileType = sourcecode.c.objc; path = FFContestEntrantsViewController.m; sourceTree = "<group>"; };
		896ACBEF18B664F5001E9C64 /* FFContestViewController.h */ = {isa = PBXFileReference; fileEncoding = 4; lastKnownFileType = sourcecode.c.h; path = FFContestViewController.h; sourceTree = "<group>"; };
		896ACBF018B664F5001E9C64 /* FFContestViewController.m */ = {isa = PBXFileReference; fileEncoding = 4; lastKnownFileType = sourcecode.c.objc; path = FFContestViewController.m; sourceTree = "<group>"; };
		896ACBF118B664F5001E9C64 /* FFCreateGameViewController.h */ = {isa = PBXFileReference; fileEncoding = 4; lastKnownFileType = sourcecode.c.h; path = FFCreateGameViewController.h; sourceTree = "<group>"; };
		896ACBF218B664F5001E9C64 /* FFCreateGameViewController.m */ = {isa = PBXFileReference; fileEncoding = 4; lastKnownFileType = sourcecode.c.objc; path = FFCreateGameViewController.m; sourceTree = "<group>"; };
		896ACBF318B664F5001E9C64 /* FFDrawerViewController.h */ = {isa = PBXFileReference; fileEncoding = 4; lastKnownFileType = sourcecode.c.h; path = FFDrawerViewController.h; sourceTree = "<group>"; };
		896ACBF418B664F5001E9C64 /* FFDrawerViewController.m */ = {isa = PBXFileReference; fileEncoding = 4; lastKnownFileType = sourcecode.c.objc; path = FFDrawerViewController.m; sourceTree = "<group>"; };
		896ACBF518B664F5001E9C64 /* FFFindGameViewController.h */ = {isa = PBXFileReference; fileEncoding = 4; lastKnownFileType = sourcecode.c.h; path = FFFindGameViewController.h; sourceTree = "<group>"; };
		896ACBF618B664F5001E9C64 /* FFFindGameViewController.m */ = {isa = PBXFileReference; fileEncoding = 4; lastKnownFileType = sourcecode.c.objc; path = FFFindGameViewController.m; sourceTree = "<group>"; };
		896ACBF718B664F5001E9C64 /* FFHomeViewController.h */ = {isa = PBXFileReference; fileEncoding = 4; lastKnownFileType = sourcecode.c.h; path = FFHomeViewController.h; sourceTree = "<group>"; };
		896ACBF818B664F5001E9C64 /* FFHomeViewController.m */ = {isa = PBXFileReference; fileEncoding = 4; lastKnownFileType = sourcecode.c.objc; path = FFHomeViewController.m; sourceTree = "<group>"; };
		896ACBF918B664F5001E9C64 /* FFInviteViewController.h */ = {isa = PBXFileReference; fileEncoding = 4; lastKnownFileType = sourcecode.c.h; path = FFInviteViewController.h; sourceTree = "<group>"; };
		896ACBFA18B664F5001E9C64 /* FFInviteViewController.m */ = {isa = PBXFileReference; fileEncoding = 4; lastKnownFileType = sourcecode.c.objc; path = FFInviteViewController.m; sourceTree = "<group>"; };
		896ACBFB18B664F5001E9C64 /* FFMenuViewController.h */ = {isa = PBXFileReference; fileEncoding = 4; lastKnownFileType = sourcecode.c.h; path = FFMenuViewController.h; sourceTree = "<group>"; };
		896ACBFC18B664F5001E9C64 /* FFMenuViewController.m */ = {isa = PBXFileReference; fileEncoding = 4; lastKnownFileType = sourcecode.c.objc; path = FFMenuViewController.m; sourceTree = "<group>"; };
		896ACBFD18B664F5001E9C64 /* FFMyAccountViewController.h */ = {isa = PBXFileReference; fileEncoding = 4; lastKnownFileType = sourcecode.c.h; path = FFMyAccountViewController.h; sourceTree = "<group>"; };
		896ACBFE18B664F5001E9C64 /* FFMyAccountViewController.m */ = {isa = PBXFileReference; fileEncoding = 4; lastKnownFileType = sourcecode.c.objc; path = FFMyAccountViewController.m; sourceTree = "<group>"; };
		896ACBFF18B664F5001E9C64 /* FFNavigationController.h */ = {isa = PBXFileReference; fileEncoding = 4; lastKnownFileType = sourcecode.c.h; path = FFNavigationController.h; sourceTree = "<group>"; };
		896ACC0018B664F5001E9C64 /* FFNavigationController.m */ = {isa = PBXFileReference; fileEncoding = 4; lastKnownFileType = sourcecode.c.objc; path = FFNavigationController.m; sourceTree = "<group>"; };
		896ACC0118B664F5001E9C64 /* FFOptionSelectController.h */ = {isa = PBXFileReference; fileEncoding = 4; lastKnownFileType = sourcecode.c.h; path = FFOptionSelectController.h; sourceTree = "<group>"; };
		896ACC0218B664F5001E9C64 /* FFOptionSelectController.m */ = {isa = PBXFileReference; fileEncoding = 4; lastKnownFileType = sourcecode.c.objc; path = FFOptionSelectController.m; sourceTree = "<group>"; };
		896ACC0318B664F5001E9C64 /* FFRosterViewController.h */ = {isa = PBXFileReference; fileEncoding = 4; lastKnownFileType = sourcecode.c.h; path = FFRosterViewController.h; sourceTree = "<group>"; };
		896ACC0418B664F5001E9C64 /* FFRosterViewController.m */ = {isa = PBXFileReference; fileEncoding = 4; lastKnownFileType = sourcecode.c.objc; path = FFRosterViewController.m; sourceTree = "<group>"; };
		896ACC0518B664F5001E9C64 /* FFSessionViewController.h */ = {isa = PBXFileReference; fileEncoding = 4; lastKnownFileType = sourcecode.c.h; path = FFSessionViewController.h; sourceTree = "<group>"; };
		896ACC0618B664F5001E9C64 /* FFSessionViewController.m */ = {isa = PBXFileReference; fileEncoding = 4; lastKnownFileType = sourcecode.c.objc; path = FFSessionViewController.m; sourceTree = "<group>"; };
		896ACC0718B664F5001E9C64 /* FFTickerDrawerViewController.h */ = {isa = PBXFileReference; fileEncoding = 4; lastKnownFileType = sourcecode.c.h; path = FFTickerDrawerViewController.h; sourceTree = "<group>"; };
		896ACC0818B664F5001E9C64 /* FFTickerDrawerViewController.m */ = {isa = PBXFileReference; fileEncoding = 4; lastKnownFileType = sourcecode.c.objc; path = FFTickerDrawerViewController.m; sourceTree = "<group>"; };
		896ACC0918B664F5001E9C64 /* FFTickerMaximizedDrawerViewController.h */ = {isa = PBXFileReference; fileEncoding = 4; lastKnownFileType = sourcecode.c.h; path = FFTickerMaximizedDrawerViewController.h; sourceTree = "<group>"; };
		896ACC0A18B664F5001E9C64 /* FFTickerMaximizedDrawerViewController.m */ = {isa = PBXFileReference; fileEncoding = 4; lastKnownFileType = sourcecode.c.objc; path = FFTickerMaximizedDrawerViewController.m; sourceTree = "<group>"; };
		896ACC0B18B664F5001E9C64 /* FFTickerMinimizedDrawerViewController.h */ = {isa = PBXFileReference; fileEncoding = 4; lastKnownFileType = sourcecode.c.h; path = FFTickerMinimizedDrawerViewController.h; sourceTree = "<group>"; };
		896ACC0C18B664F5001E9C64 /* FFTickerMinimizedDrawerViewController.m */ = {isa = PBXFileReference; fileEncoding = 4; lastKnownFileType = sourcecode.c.objc; path = FFTickerMinimizedDrawerViewController.m; sourceTree = "<group>"; };
		896ACC0D18B664F5001E9C64 /* FFTokenPurchaseViewController.h */ = {isa = PBXFileReference; fileEncoding = 4; lastKnownFileType = sourcecode.c.h; path = FFTokenPurchaseViewController.h; sourceTree = "<group>"; };
		896ACC0E18B664F5001E9C64 /* FFTokenPurchaseViewController.m */ = {isa = PBXFileReference; fileEncoding = 4; lastKnownFileType = sourcecode.c.objc; path = FFTokenPurchaseViewController.m; sourceTree = "<group>"; };
		896ACC0F18B664F5001E9C64 /* FFValueEntryController.h */ = {isa = PBXFileReference; fileEncoding = 4; lastKnownFileType = sourcecode.c.h; path = FFValueEntryController.h; sourceTree = "<group>"; };
		896ACC1018B664F5001E9C64 /* FFValueEntryController.m */ = {isa = PBXFileReference; fileEncoding = 4; lastKnownFileType = sourcecode.c.objc; path = FFValueEntryController.m; sourceTree = "<group>"; };
		896ACC1118B664F5001E9C64 /* FFWebViewController.h */ = {isa = PBXFileReference; fileEncoding = 4; lastKnownFileType = sourcecode.c.h; path = FFWebViewController.h; sourceTree = "<group>"; };
		896ACC1218B664F5001E9C64 /* FFWebViewController.m */ = {isa = PBXFileReference; fileEncoding = 4; lastKnownFileType = sourcecode.c.objc; path = FFWebViewController.m; sourceTree = "<group>"; };
		896ACC1318B664F5001E9C64 /* FMF Football-Info.plist */ = {isa = PBXFileReference; fileEncoding = 4; lastKnownFileType = text.plist.xml; path = "FMF Football-Info.plist"; sourceTree = "<group>"; };
		896ACC1418B664F5001E9C64 /* FMF Football-Prefix.pch */ = {isa = PBXFileReference; fileEncoding = 4; lastKnownFileType = sourcecode.c.h; path = "FMF Football-Prefix.pch"; sourceTree = "<group>"; };
		896ACC1618B664F5001E9C64 /* FFStyle.h */ = {isa = PBXFileReference; fileEncoding = 4; lastKnownFileType = sourcecode.c.h; path = FFStyle.h; sourceTree = "<group>"; };
		896ACC1718B664F5001E9C64 /* FFStyle.m */ = {isa = PBXFileReference; fileEncoding = 4; lastKnownFileType = sourcecode.c.objc; path = FFStyle.m; sourceTree = "<group>"; };
		896ACC1818B664F5001E9C64 /* FFTickerDataSource.h */ = {isa = PBXFileReference; fileEncoding = 4; lastKnownFileType = sourcecode.c.h; path = FFTickerDataSource.h; sourceTree = "<group>"; };
		896ACC1918B664F5001E9C64 /* FFTickerDataSource.m */ = {isa = PBXFileReference; fileEncoding = 4; lastKnownFileType = sourcecode.c.objc; path = FFTickerDataSource.m; sourceTree = "<group>"; };
		896ACC1A18B664F5001E9C64 /* FFWeakReference.h */ = {isa = PBXFileReference; fileEncoding = 4; lastKnownFileType = sourcecode.c.h; path = FFWeakReference.h; sourceTree = "<group>"; };
		896ACC1B18B664F5001E9C64 /* FFWeakReference.m */ = {isa = PBXFileReference; fileEncoding = 4; lastKnownFileType = sourcecode.c.objc; path = FFWeakReference.m; sourceTree = "<group>"; };
		896ACC1E18B664F5001E9C64 /* NSDate+ISO8601.h */ = {isa = PBXFileReference; fileEncoding = 4; lastKnownFileType = sourcecode.c.h; path = "NSDate+ISO8601.h"; sourceTree = "<group>"; };
		896ACC1F18B664F5001E9C64 /* NSDate+ISO8601.m */ = {isa = PBXFileReference; fileEncoding = 4; lastKnownFileType = sourcecode.c.objc; path = "NSDate+ISO8601.m"; sourceTree = "<group>"; };
		896ACC2018B664F5001E9C64 /* UIView+FindFirstResponder.h */ = {isa = PBXFileReference; fileEncoding = 4; lastKnownFileType = sourcecode.c.h; path = "UIView+FindFirstResponder.h"; sourceTree = "<group>"; };
		896ACC2118B664F5001E9C64 /* UIView+FindFirstResponder.m */ = {isa = PBXFileReference; fileEncoding = 4; lastKnownFileType = sourcecode.c.objc; path = "UIView+FindFirstResponder.m"; sourceTree = "<group>"; };
		896ACC2218B664F5001E9C64 /* InfoPlist.strings */ = {isa = PBXFileReference; fileEncoding = 4; lastKnownFileType = text.plist.strings; path = InfoPlist.strings; sourceTree = "<group>"; };
		896ACC2318B664F5001E9C64 /* main.m */ = {isa = PBXFileReference; fileEncoding = 4; lastKnownFileType = sourcecode.c.objc; path = main.m; sourceTree = "<group>"; };
		896ACC2518B664F5001E9C64 /* FFContestType.h */ = {isa = PBXFileReference; fileEncoding = 4; lastKnownFileType = sourcecode.c.h; path = FFContestType.h; sourceTree = "<group>"; };
		896ACC2618B664F5001E9C64 /* FFContestType.m */ = {isa = PBXFileReference; fileEncoding = 4; lastKnownFileType = sourcecode.c.objc; path = FFContestType.m; sourceTree = "<group>"; };
		896ACC2718B664F5001E9C64 /* FFGame.h */ = {isa = PBXFileReference; fileEncoding = 4; lastKnownFileType = sourcecode.c.h; path = FFGame.h; sourceTree = "<group>"; };
		896ACC2818B664F5001E9C64 /* FFGame.m */ = {isa = PBXFileReference; fileEncoding = 4; lastKnownFileType = sourcecode.c.objc; path = FFGame.m; sourceTree = "<group>"; };
		896ACC2918B664F5001E9C64 /* FFMarket.h */ = {isa = PBXFileReference; fileEncoding = 4; lastKnownFileType = sourcecode.c.h; path = FFMarket.h; sourceTree = "<group>"; };
		896ACC2A18B664F5001E9C64 /* FFMarket.m */ = {isa = PBXFileReference; fileEncoding = 4; lastKnownFileType = sourcecode.c.objc; path = FFMarket.m; sourceTree = "<group>"; };
		896ACC2B18B664F5001E9C64 /* FFRoster.h */ = {isa = PBXFileReference; fileEncoding = 4; lastKnownFileType = sourcecode.c.h; path = FFRoster.h; sourceTree = "<group>"; };
		896ACC2C18B664F5001E9C64 /* FFRoster.m */ = {isa = PBXFileReference; fileEncoding = 4; lastKnownFileType = sourcecode.c.objc; path = FFRoster.m; sourceTree = "<group>"; };
		896ACC2D18B664F5001E9C64 /* FFSession.h */ = {isa = PBXFileReference; fileEncoding = 4; lastKnownFileType = sourcecode.c.h; path = FFSession.h; sourceTree = "<group>"; };
		896ACC2E18B664F5001E9C64 /* FFSession.m */ = {isa = PBXFileReference; fileEncoding = 4; lastKnownFileType = sourcecode.c.objc; path = FFSession.m; sourceTree = "<group>"; };
		896ACC2F18B664F5001E9C64 /* FFUser.h */ = {isa = PBXFileReference; fileEncoding = 4; lastKnownFileType = sourcecode.c.h; path = FFUser.h; sourceTree = "<group>"; };
		896ACC3018B664F5001E9C64 /* FFUser.m */ = {isa = PBXFileReference; fileEncoding = 4; lastKnownFileType = sourcecode.c.objc; path = FFUser.m; sourceTree = "<group>"; };
		896ACC3318B664F5001E9C64 /* FFContest2UpTabelViewCell.h */ = {isa = PBXFileReference; fileEncoding = 4; lastKnownFileType = sourcecode.c.h; path = FFContest2UpTabelViewCell.h; sourceTree = "<group>"; };
		896ACC3418B664F5001E9C64 /* FFContest2UpTabelViewCell.m */ = {isa = PBXFileReference; fileEncoding = 4; lastKnownFileType = sourcecode.c.objc; path = FFContest2UpTabelViewCell.m; sourceTree = "<group>"; };
		896ACC3518B664F5001E9C64 /* FFPlayerSelectCell.h */ = {isa = PBXFileReference; fileEncoding = 4; lastKnownFileType = sourcecode.c.h; path = FFPlayerSelectCell.h; sourceTree = "<group>"; };
		896ACC3618B664F5001E9C64 /* FFPlayerSelectCell.m */ = {isa = PBXFileReference; fileEncoding = 4; lastKnownFileType = sourcecode.c.objc; path = FFPlayerSelectCell.m; sourceTree = "<group>"; };
		896ACC3718B664F5001E9C64 /* FFRosterSlotCell.h */ = {isa = PBXFileReference; fileEncoding = 4; lastKnownFileType = sourcecode.c.h; path = FFRosterSlotCell.h; sourceTree = "<group>"; };
		896ACC3818B664F5001E9C64 /* FFRosterSlotCell.m */ = {isa = PBXFileReference; fileEncoding = 4; lastKnownFileType = sourcecode.c.objc; path = FFRosterSlotCell.m; sourceTree = "<group>"; };
		896ACC3A18B664F5001E9C64 /* FFAlertView.h */ = {isa = PBXFileReference; fileEncoding = 4; lastKnownFileType = sourcecode.c.h; path = FFAlertView.h; sourceTree = "<group>"; };
		896ACC3B18B664F5001E9C64 /* FFAlertView.m */ = {isa = PBXFileReference; fileEncoding = 4; lastKnownFileType = sourcecode.c.objc; path = FFAlertView.m; sourceTree = "<group>"; };
		896ACC3C18B664F5001E9C64 /* FFBalanceButton.h */ = {isa = PBXFileReference; fileEncoding = 4; lastKnownFileType = sourcecode.c.h; path = FFBalanceButton.h; sourceTree = "<group>"; };
		896ACC3D18B664F5001E9C64 /* FFBalanceButton.m */ = {isa = PBXFileReference; fileEncoding = 4; lastKnownFileType = sourcecode.c.objc; path = FFBalanceButton.m; sourceTree = "<group>"; };
		896ACC3E18B664F5001E9C64 /* FFBubblePicker.h */ = {isa = PBXFileReference; fileEncoding = 4; lastKnownFileType = sourcecode.c.h; path = FFBubblePicker.h; sourceTree = "<group>"; };
		896ACC3F18B664F5001E9C64 /* FFBubblePicker.m */ = {isa = PBXFileReference; fileEncoding = 4; lastKnownFileType = sourcecode.c.objc; path = FFBubblePicker.m; sourceTree = "<group>"; };
		896ACC4018B664F5001E9C64 /* FFContestView.h */ = {isa = PBXFileReference; fileEncoding = 4; lastKnownFileType = sourcecode.c.h; path = FFContestView.h; sourceTree = "<group>"; };
		896ACC4118B664F5001E9C64 /* FFContestView.m */ = {isa = PBXFileReference; fileEncoding = 4; lastKnownFileType = sourcecode.c.objc; path = FFContestView.m; sourceTree = "<group>"; };
		896ACC4218B664F5001E9C64 /* FFGameButtonView.h */ = {isa = PBXFileReference; fileEncoding = 4; lastKnownFileType = sourcecode.c.h; path = FFGameButtonView.h; sourceTree = "<group>"; };
		896ACC4318B664F5001E9C64 /* FFGameButtonView.m */ = {isa = PBXFileReference; fileEncoding = 4; lastKnownFileType = sourcecode.c.objc; path = FFGameButtonView.m; sourceTree = "<group>"; };
		896ACC4418B664F5001E9C64 /* FFMarketSelector.h */ = {isa = PBXFileReference; fileEncoding = 4; lastKnownFileType = sourcecode.c.h; path = FFMarketSelector.h; sourceTree = "<group>"; };
		896ACC4518B664F5001E9C64 /* FFMarketSelector.m */ = {isa = PBXFileReference; fileEncoding = 4; lastKnownFileType = sourcecode.c.objc; path = FFMarketSelector.m; sourceTree = "<group>"; };
		896ACC4618B664F5001E9C64 /* FFNavigationBarItemView.h */ = {isa = PBXFileReference; fileEncoding = 4; lastKnownFileType = sourcecode.c.h; path = FFNavigationBarItemView.h; sourceTree = "<group>"; };
		896ACC4718B664F5001E9C64 /* FFNavigationBarItemView.m */ = {isa = PBXFileReference; fileEncoding = 4; lastKnownFileType = sourcecode.c.objc; path = FFNavigationBarItemView.m; sourceTree = "<group>"; };
		896ACC4818B664F5001E9C64 /* FFTextField.h */ = {isa = PBXFileReference; fileEncoding = 4; lastKnownFileType = sourcecode.c.h; path = FFTextField.h; sourceTree = "<group>"; };
		896ACC4918B664F5001E9C64 /* FFTextField.m */ = {isa = PBXFileReference; fileEncoding = 4; lastKnownFileType = sourcecode.c.objc; path = FFTextField.m; sourceTree = "<group>"; };
		896ACC4A18B664F5001E9C64 /* FFUserBitView.h */ = {isa = PBXFileReference; fileEncoding = 4; lastKnownFileType = sourcecode.c.h; path = FFUserBitView.h; sourceTree = "<group>"; };
		896ACC4B18B664F5001E9C64 /* FFUserBitView.m */ = {isa = PBXFileReference; fileEncoding = 4; lastKnownFileType = sourcecode.c.objc; path = FFUserBitView.m; sourceTree = "<group>"; };
		896ACC4D18B664F5001E9C64 /* MainStoryboard_iPad.storyboard */ = {isa = PBXFileReference; fileEncoding = 4; lastKnownFileType = file.storyboard; path = MainStoryboard_iPad.storyboard; sourceTree = "<group>"; };
		896ACC4E18B664F5001E9C64 /* MainStoryboard_iPhone.storyboard */ = {isa = PBXFileReference; fileEncoding = 4; lastKnownFileType = file.storyboard; path = MainStoryboard_iPhone.storyboard; sourceTree = "<group>"; };
		89DFD28D18B37ECC0079F427 /* AdSupport.framework */ = {isa = PBXFileReference; lastKnownFileType = wrapper.framework; name = AdSupport.framework; path = System/Library/Frameworks/AdSupport.framework; sourceTree = SDKROOT; };
		89DFD28F18B37EE30079F427 /* CoreImage.framework */ = {isa = PBXFileReference; lastKnownFileType = wrapper.framework; name = CoreImage.framework; path = System/Library/Frameworks/CoreImage.framework; sourceTree = SDKROOT; };
		89DFD29118B37F1B0079F427 /* CoreTelephony.framework */ = {isa = PBXFileReference; lastKnownFileType = wrapper.framework; name = CoreTelephony.framework; path = System/Library/Frameworks/CoreTelephony.framework; sourceTree = SDKROOT; };
		89DFD29318B37F2B0079F427 /* CoreLocation.framework */ = {isa = PBXFileReference; lastKnownFileType = wrapper.framework; name = CoreLocation.framework; path = System/Library/Frameworks/CoreLocation.framework; sourceTree = SDKROOT; };
		89DFD29518B37F3A0079F427 /* AudioToolbox.framework */ = {isa = PBXFileReference; lastKnownFileType = wrapper.framework; name = AudioToolbox.framework; path = System/Library/Frameworks/AudioToolbox.framework; sourceTree = SDKROOT; };
		89DFD29718B37F420079F427 /* OpenGLES.framework */ = {isa = PBXFileReference; lastKnownFileType = wrapper.framework; name = OpenGLES.framework; path = System/Library/Frameworks/OpenGLES.framework; sourceTree = SDKROOT; };
		C7A0D11613844A1D9BF1BC9E /* libPods.a */ = {isa = PBXFileReference; explicitFileType = archive.ar; includeInIndex = 0; path = libPods.a; sourceTree = BUILT_PRODUCTS_DIR; };
		FACE7B05A54E4AFCA3D2ADB7 /* Pods.xcconfig */ = {isa = PBXFileReference; includeInIndex = 1; lastKnownFileType = text.xcconfig; name = Pods.xcconfig; path = Pods/Pods.xcconfig; sourceTree = SOURCE_ROOT; };
/* End PBXFileReference section */

/* Begin PBXFrameworksBuildPhase section */
		153BBC2D17DFC2E40071E63B /* Frameworks */ = {
			isa = PBXFrameworksBuildPhase;
			buildActionMask = 2147483647;
			files = (
				89DFD29818B37F420079F427 /* OpenGLES.framework in Frameworks */,
				89DFD29618B37F3A0079F427 /* AudioToolbox.framework in Frameworks */,
				89DFD29418B37F2B0079F427 /* CoreLocation.framework in Frameworks */,
				89DFD29218B37F1B0079F427 /* CoreTelephony.framework in Frameworks */,
				896ACA5018B66376001E9C64 /* UbertestersSDK.framework in Frameworks */,
				1527AE3317DFDCFB00D181D7 /* SystemConfiguration.framework in Frameworks */,
				89DFD29018B37EE30079F427 /* CoreImage.framework in Frameworks */,
				89DFD28E18B37ECC0079F427 /* AdSupport.framework in Frameworks */,
				1561B7F317FDFB1E00444F22 /* StoreKit.framework in Frameworks */,
				15CD295517F7804A0027DFEC /* AddressBook.framework in Frameworks */,
				15CD295617F7804A0027DFEC /* AddressBookUI.framework in Frameworks */,
				15A2379F17E2865A00225942 /* QuartzCore.framework in Frameworks */,
				1527AE3117DFDCEF00D181D7 /* MobileCoreServices.framework in Frameworks */,
				1527AE2F17DFDCEA00D181D7 /* Security.framework in Frameworks */,
				153BBC3417DFC2E40071E63B /* UIKit.framework in Frameworks */,
				153BBC3617DFC2E40071E63B /* Foundation.framework in Frameworks */,
				153BBC3817DFC2E40071E63B /* CoreGraphics.framework in Frameworks */,
				61A0C8A5904D4788A81F9EA6 /* libPods.a in Frameworks */,
			);
			runOnlyForDeploymentPostprocessing = 0;
		};
/* End PBXFrameworksBuildPhase section */

/* Begin PBXGroup section */
		153BBC2717DFC2E40071E63B = {
			isa = PBXGroup;
			children = (
				896ACBB418B664F5001E9C64 /* App */,
				896ACAED18B663C2001E9C64 /* Test */,
				153BBC3217DFC2E40071E63B /* Frameworks */,
				153BBC3117DFC2E40071E63B /* Products */,
				FACE7B05A54E4AFCA3D2ADB7 /* Pods.xcconfig */,
			);
			sourceTree = "<group>";
		};
		153BBC3117DFC2E40071E63B /* Products */ = {
			isa = PBXGroup;
			children = (
				153BBC3017DFC2E40071E63B /* FMF Football.app */,
			);
			name = Products;
			sourceTree = "<group>";
		};
		153BBC3217DFC2E40071E63B /* Frameworks */ = {
			isa = PBXGroup;
			children = (
				896ACA4D18B66376001E9C64 /* UbertestersSDK */,
				89DFD29718B37F420079F427 /* OpenGLES.framework */,
				89DFD29518B37F3A0079F427 /* AudioToolbox.framework */,
				89DFD29318B37F2B0079F427 /* CoreLocation.framework */,
				89DFD29118B37F1B0079F427 /* CoreTelephony.framework */,
				89DFD28F18B37EE30079F427 /* CoreImage.framework */,
				89DFD28D18B37ECC0079F427 /* AdSupport.framework */,
				1561B7F217FDFB1E00444F22 /* StoreKit.framework */,
				15CD295317F7804A0027DFEC /* AddressBook.framework */,
				15CD295417F7804A0027DFEC /* AddressBookUI.framework */,
				15A2379E17E2865A00225942 /* QuartzCore.framework */,
				1527AE3217DFDCFB00D181D7 /* SystemConfiguration.framework */,
				1527AE3017DFDCEF00D181D7 /* MobileCoreServices.framework */,
				1527AE2E17DFDCEA00D181D7 /* Security.framework */,
				153BBC3317DFC2E40071E63B /* UIKit.framework */,
				153BBC3517DFC2E40071E63B /* Foundation.framework */,
				153BBC3717DFC2E40071E63B /* CoreGraphics.framework */,
				153BBC5A17DFC2E40071E63B /* SenTestingKit.framework */,
				C7A0D11613844A1D9BF1BC9E /* libPods.a */,
			);
			name = Frameworks;
			sourceTree = "<group>";
		};
		896ACA4D18B66376001E9C64 /* UbertestersSDK */ = {
			isa = PBXGroup;
			children = (
				896ACA4E18B66376001E9C64 /* UbertestersSDK.framework */,
				896ACA4F18B66376001E9C64 /* UbertestersSDKResources.bundle */,
			);
			name = UbertestersSDK;
			path = Vendor/UbertestersSDK;
			sourceTree = "<group>";
		};
		896ACAED18B663C2001E9C64 /* Test */ = {
			isa = PBXGroup;
			children = (
			);
			path = Test;
			sourceTree = "<group>";
		};
		896ACBB418B664F5001E9C64 /* App */ = {
			isa = PBXGroup;
			children = (
				896ACC2418B664F5001E9C64 /* Models */,
				896ACC1518B664F5001E9C64 /* Helpers */,
				896ACBE818B664F5001E9C64 /* Controllers */,
				896ACC3118B664F5001E9C64 /* Views */,
				896ACBB518B664F5001E9C64 /* Assets */,
				896ACC1318B664F5001E9C64 /* FMF Football-Info.plist */,
				896ACC1418B664F5001E9C64 /* FMF Football-Prefix.pch */,
				896ACC2218B664F5001E9C64 /* InfoPlist.strings */,
				896ACC2318B664F5001E9C64 /* main.m */,
			);
			path = App;
			sourceTree = "<group>";
		};
		896ACBB518B664F5001E9C64 /* Assets */ = {
			isa = PBXGroup;
			children = (
				896ACBB618B664F5001E9C64 /* Fonts */,
				896ACBB818B664F5001E9C64 /* Images */,
			);
			path = Assets;
			sourceTree = "<group>";
		};
		896ACBB618B664F5001E9C64 /* Fonts */ = {
			isa = PBXGroup;
			children = (
				896ACBB718B664F5001E9C64 /* ProhibitionRound.ttf */,
			);
			path = Fonts;
			sourceTree = "<group>";
		};
		896ACBB818B664F5001E9C64 /* Images */ = {
			isa = PBXGroup;
			children = (
				896ACBB918B664F5001E9C64 /* Default-568h@2x.png */,
				896ACBBA18B664F5001E9C64 /* Default.png */,
				896ACBBB18B664F5001E9C64 /* Default@2x.png */,
				896ACBBC18B664F5001E9C64 /* Icons */,
				896ACBCA18B664F5001E9C64 /* Pictures */,
			);
			path = Images;
			sourceTree = "<group>";
		};
		896ACBBC18B664F5001E9C64 /* Icons */ = {
			isa = PBXGroup;
			children = (
				896ACBBD18B664F5001E9C64 /* FMF-120.png */,
				896ACBBE18B664F5001E9C64 /* FMF-58.png */,
				896ACBBF18B664F5001E9C64 /* FMF-72.png */,
				896ACBC018B664F5001E9C64 /* FMF-72@2x.png */,
				896ACBC118B664F5001E9C64 /* FMF-80.png */,
				896ACBC218B664F5001E9C64 /* FMF-Small-50.png */,
				896ACBC318B664F5001E9C64 /* FMF-Small-50@2x.png */,
				896ACBC418B664F5001E9C64 /* FMF-Small.png */,
				896ACBC518B664F5001E9C64 /* FMF-Small@2x.png */,
				896ACBC618B664F5001E9C64 /* FMF.png */,
				896ACBC718B664F5001E9C64 /* FMF@2x.png */,
				896ACBC818B664F5001E9C64 /* iTunesArtwork.png */,
				896ACBC918B664F5001E9C64 /* iTunesArtwork@2x.png */,
			);
			path = Icons;
			sourceTree = "<group>";
		};
		896ACBCA18B664F5001E9C64 /* Pictures */ = {
			isa = PBXGroup;
			children = (
				896ACBCB18B664F5001E9C64 /* 0-percent.png */,
				896ACBCC18B664F5001E9C64 /* 40-percent.png */,
				896ACBCD18B664F5001E9C64 /* avatarmask@2x.png */,
				896ACBCE18B664F5001E9C64 /* backbtn@2x.png */,
				896ACBCF18B664F5001E9C64 /* bannerclose@2x.png */,
				896ACBD018B664F5001E9C64 /* bluedot@2x.png */,
				896ACBD118B664F5001E9C64 /* checkmark@2x.png */,
				896ACBD218B664F5001E9C64 /* contestcircle@2x.png */,
				896ACBD318B664F5001E9C64 /* dailyfantasyfootball@2x.png */,
				896ACBD418B664F5001E9C64 /* darkgreen.png */,
				896ACBD518B664F5001E9C64 /* defaultuser@2x.png */,
				896ACBD618B664F5001E9C64 /* disclosuredark@2x.png */,
				896ACBD718B664F5001E9C64 /* disclosurelight@2x.png */,
				896ACBD818B664F5001E9C64 /* fmf-logo@2x.png */,
				896ACBD918B664F5001E9C64 /* fmf-splash-copy@2x.png */,
				896ACBDA18B664F5001E9C64 /* globalmenu-highlighted@2x.png */,
				896ACBDB18B664F5001E9C64 /* globalmenu@2x.png */,
				896ACBDC18B664F5001E9C64 /* greendot@2x.png */,
				896ACBDD18B664F5001E9C64 /* greydot@2x.png */,
				896ACBDE18B664F5001E9C64 /* helmet-placeholder.png */,
				896ACBDF18B664F5001E9C64 /* helmet-placeholder@2x.png */,
				896ACBE018B664F5001E9C64 /* leftshuttle@2x.png */,
				896ACBE118B664F5001E9C64 /* loginbg@2x.png */,
				896ACBE218B664F5001E9C64 /* player-cutout@2x.png */,
				896ACBE318B664F5001E9C64 /* playerselectmask@2x.png */,
				896ACBE418B664F5001E9C64 /* reddot@2x.png */,
				896ACBE518B664F5001E9C64 /* rightshuttle@2x.png */,
				896ACBE618B664F5001E9C64 /* rosterslotempty@2x.png */,
				896ACBE718B664F5001E9C64 /* sectionback@2x.png */,
			);
			path = Pictures;
			sourceTree = "<group>";
		};
		896ACBE818B664F5001E9C64 /* Controllers */ = {
			isa = PBXGroup;
			children = (
				896ACBE918B664F5001E9C64 /* FFAppDelegate.h */,
				896ACBEA18B664F5001E9C64 /* FFAppDelegate.m */,
				896ACBEB18B664F5001E9C64 /* FFBaseViewController.h */,
				896ACBEC18B664F5001E9C64 /* FFBaseViewController.m */,
				896ACBED18B664F5001E9C64 /* FFContestEntrantsViewController.h */,
				896ACBEE18B664F5001E9C64 /* FFContestEntrantsViewController.m */,
				896ACBEF18B664F5001E9C64 /* FFContestViewController.h */,
				896ACBF018B664F5001E9C64 /* FFContestViewController.m */,
				896ACBF118B664F5001E9C64 /* FFCreateGameViewController.h */,
				896ACBF218B664F5001E9C64 /* FFCreateGameViewController.m */,
				896ACBF318B664F5001E9C64 /* FFDrawerViewController.h */,
				896ACBF418B664F5001E9C64 /* FFDrawerViewController.m */,
				896ACBF518B664F5001E9C64 /* FFFindGameViewController.h */,
				896ACBF618B664F5001E9C64 /* FFFindGameViewController.m */,
				896ACBF718B664F5001E9C64 /* FFHomeViewController.h */,
				896ACBF818B664F5001E9C64 /* FFHomeViewController.m */,
				896ACBF918B664F5001E9C64 /* FFInviteViewController.h */,
				896ACBFA18B664F5001E9C64 /* FFInviteViewController.m */,
				896ACBFB18B664F5001E9C64 /* FFMenuViewController.h */,
				896ACBFC18B664F5001E9C64 /* FFMenuViewController.m */,
				896ACBFD18B664F5001E9C64 /* FFMyAccountViewController.h */,
				896ACBFE18B664F5001E9C64 /* FFMyAccountViewController.m */,
				896ACBFF18B664F5001E9C64 /* FFNavigationController.h */,
				896ACC0018B664F5001E9C64 /* FFNavigationController.m */,
				896ACC0118B664F5001E9C64 /* FFOptionSelectController.h */,
				896ACC0218B664F5001E9C64 /* FFOptionSelectController.m */,
				896ACC0318B664F5001E9C64 /* FFRosterViewController.h */,
				896ACC0418B664F5001E9C64 /* FFRosterViewController.m */,
				896ACC0518B664F5001E9C64 /* FFSessionViewController.h */,
				896ACC0618B664F5001E9C64 /* FFSessionViewController.m */,
				896ACC0718B664F5001E9C64 /* FFTickerDrawerViewController.h */,
				896ACC0818B664F5001E9C64 /* FFTickerDrawerViewController.m */,
				896ACC0918B664F5001E9C64 /* FFTickerMaximizedDrawerViewController.h */,
				896ACC0A18B664F5001E9C64 /* FFTickerMaximizedDrawerViewController.m */,
				896ACC0B18B664F5001E9C64 /* FFTickerMinimizedDrawerViewController.h */,
				896ACC0C18B664F5001E9C64 /* FFTickerMinimizedDrawerViewController.m */,
				896ACC0D18B664F5001E9C64 /* FFTokenPurchaseViewController.h */,
				896ACC0E18B664F5001E9C64 /* FFTokenPurchaseViewController.m */,
				896ACC0F18B664F5001E9C64 /* FFValueEntryController.h */,
				896ACC1018B664F5001E9C64 /* FFValueEntryController.m */,
				896ACC1118B664F5001E9C64 /* FFWebViewController.h */,
				896ACC1218B664F5001E9C64 /* FFWebViewController.m */,
			);
			path = Controllers;
			sourceTree = "<group>";
		};
		896ACC1518B664F5001E9C64 /* Helpers */ = {
			isa = PBXGroup;
			children = (
				896ACC1618B664F5001E9C64 /* FFStyle.h */,
				896ACC1718B664F5001E9C64 /* FFStyle.m */,
				896ACC1818B664F5001E9C64 /* FFTickerDataSource.h */,
				896ACC1918B664F5001E9C64 /* FFTickerDataSource.m */,
				896ACC1A18B664F5001E9C64 /* FFWeakReference.h */,
				896ACC1B18B664F5001E9C64 /* FFWeakReference.m */,
				896ACC1E18B664F5001E9C64 /* NSDate+ISO8601.h */,
				896ACC1F18B664F5001E9C64 /* NSDate+ISO8601.m */,
				896ACC2018B664F5001E9C64 /* UIView+FindFirstResponder.h */,
				896ACC2118B664F5001E9C64 /* UIView+FindFirstResponder.m */,
			);
			path = Helpers;
			sourceTree = "<group>";
		};
		896ACC2418B664F5001E9C64 /* Models */ = {
			isa = PBXGroup;
			children = (
				896ACC2518B664F5001E9C64 /* FFContestType.h */,
				896ACC2618B664F5001E9C64 /* FFContestType.m */,
				896ACC2718B664F5001E9C64 /* FFGame.h */,
				896ACC2818B664F5001E9C64 /* FFGame.m */,
				896ACC2918B664F5001E9C64 /* FFMarket.h */,
				896ACC2A18B664F5001E9C64 /* FFMarket.m */,
				896ACC2B18B664F5001E9C64 /* FFRoster.h */,
				896ACC2C18B664F5001E9C64 /* FFRoster.m */,
				896ACC2D18B664F5001E9C64 /* FFSession.h */,
				896ACC2E18B664F5001E9C64 /* FFSession.m */,
				896ACC2F18B664F5001E9C64 /* FFUser.h */,
				896ACC3018B664F5001E9C64 /* FFUser.m */,
			);
			path = Models;
			sourceTree = "<group>";
		};
		896ACC3118B664F5001E9C64 /* Views */ = {
			isa = PBXGroup;
			children = (
				896ACC3218B664F5001E9C64 /* Cells */,
				896ACC3918B664F5001E9C64 /* Controls */,
				896ACC4C18B664F5001E9C64 /* Storyboards */,
			);
			path = Views;
			sourceTree = "<group>";
		};
		896ACC3218B664F5001E9C64 /* Cells */ = {
			isa = PBXGroup;
			children = (
				896ACC3318B664F5001E9C64 /* FFContest2UpTabelViewCell.h */,
				896ACC3418B664F5001E9C64 /* FFContest2UpTabelViewCell.m */,
				896ACC3518B664F5001E9C64 /* FFPlayerSelectCell.h */,
				896ACC3618B664F5001E9C64 /* FFPlayerSelectCell.m */,
				896ACC3718B664F5001E9C64 /* FFRosterSlotCell.h */,
				896ACC3818B664F5001E9C64 /* FFRosterSlotCell.m */,
			);
			path = Cells;
			sourceTree = "<group>";
		};
		896ACC3918B664F5001E9C64 /* Controls */ = {
			isa = PBXGroup;
			children = (
				896ACC3A18B664F5001E9C64 /* FFAlertView.h */,
				896ACC3B18B664F5001E9C64 /* FFAlertView.m */,
				896ACC3C18B664F5001E9C64 /* FFBalanceButton.h */,
				896ACC3D18B664F5001E9C64 /* FFBalanceButton.m */,
				896ACC3E18B664F5001E9C64 /* FFBubblePicker.h */,
				896ACC3F18B664F5001E9C64 /* FFBubblePicker.m */,
				896ACC4018B664F5001E9C64 /* FFContestView.h */,
				896ACC4118B664F5001E9C64 /* FFContestView.m */,
				896ACC4218B664F5001E9C64 /* FFGameButtonView.h */,
				896ACC4318B664F5001E9C64 /* FFGameButtonView.m */,
				896ACC4418B664F5001E9C64 /* FFMarketSelector.h */,
				896ACC4518B664F5001E9C64 /* FFMarketSelector.m */,
				896ACC4618B664F5001E9C64 /* FFNavigationBarItemView.h */,
				896ACC4718B664F5001E9C64 /* FFNavigationBarItemView.m */,
				896ACC4818B664F5001E9C64 /* FFTextField.h */,
				896ACC4918B664F5001E9C64 /* FFTextField.m */,
				896ACC4A18B664F5001E9C64 /* FFUserBitView.h */,
				896ACC4B18B664F5001E9C64 /* FFUserBitView.m */,
			);
			path = Controls;
			sourceTree = "<group>";
		};
		896ACC4C18B664F5001E9C64 /* Storyboards */ = {
			isa = PBXGroup;
			children = (
				896ACC4D18B664F5001E9C64 /* MainStoryboard_iPad.storyboard */,
				896ACC4E18B664F5001E9C64 /* MainStoryboard_iPhone.storyboard */,
			);
			path = Storyboards;
			sourceTree = "<group>";
		};
/* End PBXGroup section */

/* Begin PBXNativeTarget section */
		153BBC2F17DFC2E40071E63B /* FMF Football */ = {
			isa = PBXNativeTarget;
			buildConfigurationList = 153BBC6B17DFC2E40071E63B /* Build configuration list for PBXNativeTarget "FMF Football" */;
			buildPhases = (
				0D792FF3BB1D416AB930AB6F /* Check Pods Manifest.lock */,
				153BBC2C17DFC2E40071E63B /* Sources */,
				153BBC2D17DFC2E40071E63B /* Frameworks */,
				153BBC2E17DFC2E40071E63B /* Resources */,
				DA383C078B3740729BB0AA45 /* Copy Pods Resources */,
			);
			buildRules = (
			);
			dependencies = (
			);
			name = "FMF Football";
			productName = "FMF Football";
			productReference = 153BBC3017DFC2E40071E63B /* FMF Football.app */;
			productType = "com.apple.product-type.application";
		};
/* End PBXNativeTarget section */

/* Begin PBXProject section */
		153BBC2817DFC2E40071E63B /* Project object */ = {
			isa = PBXProject;
			attributes = {
				CLASSPREFIX = FF;
				LastUpgradeCheck = 0460;
				ORGANIZATIONNAME = FairMarketFantasy;
			};
			buildConfigurationList = 153BBC2B17DFC2E40071E63B /* Build configuration list for PBXProject "FMF Football" */;
			compatibilityVersion = "Xcode 3.2";
			developmentRegion = English;
			hasScannedForEncodings = 0;
			knownRegions = (
				en,
			);
			mainGroup = 153BBC2717DFC2E40071E63B;
			productRefGroup = 153BBC3117DFC2E40071E63B /* Products */;
			projectDirPath = "";
			projectRoot = "";
			targets = (
				153BBC2F17DFC2E40071E63B /* FMF Football */,
			);
		};
/* End PBXProject section */

/* Begin PBXResourcesBuildPhase section */
		153BBC2E17DFC2E40071E63B /* Resources */ = {
			isa = PBXResourcesBuildPhase;
			buildActionMask = 2147483647;
			files = (
				896ACD0B18B664F5001E9C64 /* MainStoryboard_iPad.storyboard in Resources */,
				896ACC9718B664F5001E9C64 /* helmet-placeholder.png in Resources */,
				896ACC9B18B664F5001E9C64 /* leftshuttle@2x.png in Resources */,
				896ACCA718B664F5001E9C64 /* rosterslotempty@2x.png in Resources */,
				896ACC7D18B664F5001E9C64 /* checkmark@2x.png in Resources */,
				896ACC9318B664F5001E9C64 /* greendot@2x.png in Resources */,
				896ACC5318B664F5001E9C64 /* Default.png in Resources */,
				896ACCA918B664F5001E9C64 /* sectionback@2x.png in Resources */,
				896ACC9518B664F5001E9C64 /* greydot@2x.png in Resources */,
				896ACA5218B66377001E9C64 /* UbertestersSDKResources.bundle in Resources */,
				896ACD0D18B664F5001E9C64 /* MainStoryboard_iPhone.storyboard in Resources */,
				896ACC6318B664F5001E9C64 /* FMF-Small-50@2x.png in Resources */,
				896ACC5F18B664F5001E9C64 /* FMF-80.png in Resources */,
				896ACC9918B664F5001E9C64 /* helmet-placeholder@2x.png in Resources */,
				89C3656518B7CBD5003C7A9C /* FMF-Small-50.png in Resources */,
				896ACC7918B664F5001E9C64 /* bannerclose@2x.png in Resources */,
				896ACC8918B664F5001E9C64 /* disclosurelight@2x.png in Resources */,
				896ACC8118B664F5001E9C64 /* dailyfantasyfootball@2x.png in Resources */,
				896ACC6B18B664F5001E9C64 /* FMF@2x.png in Resources */,
				896ACC5918B664F5001E9C64 /* FMF-58.png in Resources */,
				896ACCA518B664F5001E9C64 /* rightshuttle@2x.png in Resources */,
				896ACCE318B664F5001E9C64 /* InfoPlist.strings in Resources */,
				896ACC7718B664F5001E9C64 /* backbtn@2x.png in Resources */,
				896ACC5118B664F5001E9C64 /* Default-568h@2x.png in Resources */,
				896ACC7318B664F5001E9C64 /* 40-percent.png in Resources */,
				896ACC8518B664F5001E9C64 /* defaultuser@2x.png in Resources */,
				896ACC7B18B664F5001E9C64 /* bluedot@2x.png in Resources */,
				896ACC6D18B664F5001E9C64 /* iTunesArtwork.png in Resources */,
				896ACC8718B664F5001E9C64 /* disclosuredark@2x.png in Resources */,
				896ACC5B18B664F5001E9C64 /* FMF-72.png in Resources */,
				896ACC8318B664F5001E9C64 /* darkgreen.png in Resources */,
				896ACC7118B664F5001E9C64 /* 0-percent.png in Resources */,
				896ACC9118B664F5001E9C64 /* globalmenu@2x.png in Resources */,
				896ACC6F18B664F5001E9C64 /* iTunesArtwork@2x.png in Resources */,
				896ACC7518B664F5001E9C64 /* avatarmask@2x.png in Resources */,
				896ACC8D18B664F5001E9C64 /* fmf-splash-copy@2x.png in Resources */,
				896ACC7F18B664F5001E9C64 /* contestcircle@2x.png in Resources */,
				896ACC8F18B664F5001E9C64 /* globalmenu-highlighted@2x.png in Resources */,
				896ACC6518B664F5001E9C64 /* FMF-Small.png in Resources */,
				89C3656618B7CBF2003C7A9C /* playerselectmask@2x.png in Resources */,
				896ACC5518B664F5001E9C64 /* Default@2x.png in Resources */,
				896ACC9D18B664F5001E9C64 /* loginbg@2x.png in Resources */,
				896ACC6918B664F5001E9C64 /* FMF.png in Resources */,
				896ACC4F18B664F5001E9C64 /* ProhibitionRound.ttf in Resources */,
				896ACC8B18B664F5001E9C64 /* fmf-logo@2x.png in Resources */,
				896ACCA318B664F5001E9C64 /* reddot@2x.png in Resources */,
				896ACC9F18B664F5001E9C64 /* player-cutout@2x.png in Resources */,
				896ACC6718B664F5001E9C64 /* FMF-Small@2x.png in Resources */,
				896ACC5718B664F5001E9C64 /* FMF-120.png in Resources */,
				896ACC5D18B664F5001E9C64 /* FMF-72@2x.png in Resources */,
			);
			runOnlyForDeploymentPostprocessing = 0;
		};
/* End PBXResourcesBuildPhase section */

/* Begin PBXShellScriptBuildPhase section */
		0D792FF3BB1D416AB930AB6F /* Check Pods Manifest.lock */ = {
			isa = PBXShellScriptBuildPhase;
			buildActionMask = 2147483647;
			files = (
			);
			inputPaths = (
			);
			name = "Check Pods Manifest.lock";
			outputPaths = (
			);
			runOnlyForDeploymentPostprocessing = 0;
			shellPath = /bin/sh;
			shellScript = "diff \"${PODS_ROOT}/../Podfile.lock\" \"${PODS_ROOT}/Manifest.lock\" > /dev/null\nif [[ $? != 0 ]] ; then\n    cat << EOM\nerror: The sandbox is not in sync with the Podfile.lock. Run 'pod install' or update your CocoaPods installation.\nEOM\n    exit 1\nfi\n";
		};
		DA383C078B3740729BB0AA45 /* Copy Pods Resources */ = {
			isa = PBXShellScriptBuildPhase;
			buildActionMask = 2147483647;
			files = (
			);
			inputPaths = (
			);
			name = "Copy Pods Resources";
			outputPaths = (
			);
			runOnlyForDeploymentPostprocessing = 0;
			shellPath = /bin/sh;
			shellScript = "\"${SRCROOT}/Pods/Pods-resources.sh\"\n";
			showEnvVarsInLog = 0;
		};
/* End PBXShellScriptBuildPhase section */

/* Begin PBXSourcesBuildPhase section */
		153BBC2C17DFC2E40071E63B /* Sources */ = {
			isa = PBXSourcesBuildPhase;
			buildActionMask = 2147483647;
			files = (
				896ACCD918B664F5001E9C64 /* FFTickerDataSource.m in Sources */,
				896ACCE118B664F5001E9C64 /* UIView+FindFirstResponder.m in Sources */,
				896ACD0318B664F5001E9C64 /* FFMarketSelector.m in Sources */,
				896ACCAB18B664F5001E9C64 /* FFAppDelegate.m in Sources */,
				896ACCFD18B664F5001E9C64 /* FFBubblePicker.m in Sources */,
				896ACD0118B664F5001E9C64 /* FFGameButtonView.m in Sources */,
				896ACD0518B664F5001E9C64 /* FFNavigationBarItemView.m in Sources */,
				896ACCB118B664F5001E9C64 /* FFContestViewController.m in Sources */,
				896ACCE718B664F5001E9C64 /* FFContestType.m in Sources */,
				896ACCBD18B664F5001E9C64 /* FFMenuViewController.m in Sources */,
				896ACCEF18B664F5001E9C64 /* FFSession.m in Sources */,
				896ACCE518B664F5001E9C64 /* main.m in Sources */,
				896ACCD718B664F5001E9C64 /* FFStyle.m in Sources */,
				896ACCF518B664F5001E9C64 /* FFPlayerSelectCell.m in Sources */,
				896ACCC718B664F5001E9C64 /* FFSessionViewController.m in Sources */,
				896ACCB518B664F5001E9C64 /* FFDrawerViewController.m in Sources */,
				896ACCFF18B664F5001E9C64 /* FFContestView.m in Sources */,
				896ACCB718B664F5001E9C64 /* FFFindGameViewController.m in Sources */,
				896ACCCD18B664F5001E9C64 /* FFTickerMinimizedDrawerViewController.m in Sources */,
				896ACCB918B664F5001E9C64 /* FFHomeViewController.m in Sources */,
				896ACCC118B664F5001E9C64 /* FFNavigationController.m in Sources */,
				896ACCF318B664F5001E9C64 /* FFContest2UpTabelViewCell.m in Sources */,
				896ACCD318B664F5001E9C64 /* FFWebViewController.m in Sources */,
				896ACCD118B664F5001E9C64 /* FFValueEntryController.m in Sources */,
				896ACCCF18B664F5001E9C64 /* FFTokenPurchaseViewController.m in Sources */,
				896ACCDB18B664F5001E9C64 /* FFWeakReference.m in Sources */,
				896ACCCB18B664F5001E9C64 /* FFTickerMaximizedDrawerViewController.m in Sources */,
				896ACCEB18B664F5001E9C64 /* FFMarket.m in Sources */,
				896ACCC318B664F5001E9C64 /* FFOptionSelectController.m in Sources */,
				896ACCDF18B664F5001E9C64 /* NSDate+ISO8601.m in Sources */,
				896ACD0918B664F5001E9C64 /* FFUserBitView.m in Sources */,
				896ACCC518B664F5001E9C64 /* FFRosterViewController.m in Sources */,
				896ACCAF18B664F5001E9C64 /* FFContestEntrantsViewController.m in Sources */,
				896ACCF918B664F5001E9C64 /* FFAlertView.m in Sources */,
				896ACCBF18B664F5001E9C64 /* FFMyAccountViewController.m in Sources */,
				896ACCF718B664F5001E9C64 /* FFRosterSlotCell.m in Sources */,
				896ACCE918B664F5001E9C64 /* FFGame.m in Sources */,
				896ACCED18B664F5001E9C64 /* FFRoster.m in Sources */,
				896ACD0718B664F5001E9C64 /* FFTextField.m in Sources */,
				896ACCFB18B664F5001E9C64 /* FFBalanceButton.m in Sources */,
				896ACCB318B664F5001E9C64 /* FFCreateGameViewController.m in Sources */,
				896ACCAD18B664F5001E9C64 /* FFBaseViewController.m in Sources */,
				896ACCC918B664F5001E9C64 /* FFTickerDrawerViewController.m in Sources */,
				896ACCBB18B664F5001E9C64 /* FFInviteViewController.m in Sources */,
				896ACCF118B664F5001E9C64 /* FFUser.m in Sources */,
			);
			runOnlyForDeploymentPostprocessing = 0;
		};
/* End PBXSourcesBuildPhase section */

/* Begin XCBuildConfiguration section */
		153BBC6917DFC2E40071E63B /* Debug */ = {
			isa = XCBuildConfiguration;
			buildSettings = {
				ALWAYS_SEARCH_USER_PATHS = NO;
				CLANG_CXX_LANGUAGE_STANDARD = "gnu++0x";
				CLANG_CXX_LIBRARY = "libc++";
				CLANG_ENABLE_OBJC_ARC = YES;
				CLANG_WARN_CONSTANT_CONVERSION = YES;
				CLANG_WARN_EMPTY_BODY = YES;
				CLANG_WARN_ENUM_CONVERSION = YES;
				CLANG_WARN_INT_CONVERSION = YES;
				CLANG_WARN__DUPLICATE_METHOD_MATCH = YES;
				"CODE_SIGN_IDENTITY[sdk=iphoneos*]" = "iPhone Developer";
				COPY_PHASE_STRIP = NO;
				GCC_C_LANGUAGE_STANDARD = gnu99;
				GCC_DYNAMIC_NO_PIC = NO;
				GCC_OPTIMIZATION_LEVEL = 0;
				GCC_PREPROCESSOR_DEFINITIONS = (
					"DEBUG=1",
					"$(inherited)",
				);
				GCC_SYMBOLS_PRIVATE_EXTERN = NO;
				GCC_WARN_ABOUT_RETURN_TYPE = YES;
				GCC_WARN_UNINITIALIZED_AUTOS = YES;
				GCC_WARN_UNUSED_VARIABLE = YES;
				IPHONEOS_DEPLOYMENT_TARGET = 6.1;
				ONLY_ACTIVE_ARCH = YES;
				SDKROOT = iphoneos;
				TARGETED_DEVICE_FAMILY = "1,2";
			};
			name = Debug;
		};
		153BBC6A17DFC2E40071E63B /* Release */ = {
			isa = XCBuildConfiguration;
			buildSettings = {
				ALWAYS_SEARCH_USER_PATHS = NO;
				CLANG_CXX_LANGUAGE_STANDARD = "gnu++0x";
				CLANG_CXX_LIBRARY = "libc++";
				CLANG_ENABLE_OBJC_ARC = YES;
				CLANG_WARN_CONSTANT_CONVERSION = YES;
				CLANG_WARN_EMPTY_BODY = YES;
				CLANG_WARN_ENUM_CONVERSION = YES;
				CLANG_WARN_INT_CONVERSION = YES;
				CLANG_WARN__DUPLICATE_METHOD_MATCH = YES;
				"CODE_SIGN_IDENTITY[sdk=iphoneos*]" = "iPhone Developer";
				COPY_PHASE_STRIP = YES;
				GCC_C_LANGUAGE_STANDARD = gnu99;
				GCC_WARN_ABOUT_RETURN_TYPE = YES;
				GCC_WARN_UNINITIALIZED_AUTOS = YES;
				GCC_WARN_UNUSED_VARIABLE = YES;
				IPHONEOS_DEPLOYMENT_TARGET = 6.1;
				OTHER_CFLAGS = "-DNS_BLOCK_ASSERTIONS=1";
				SDKROOT = iphoneos;
				TARGETED_DEVICE_FAMILY = "1,2";
				VALIDATE_PRODUCT = YES;
			};
			name = Release;
		};
		153BBC6C17DFC2E40071E63B /* Debug */ = {
			isa = XCBuildConfiguration;
			baseConfigurationReference = FACE7B05A54E4AFCA3D2ADB7 /* Pods.xcconfig */;
			buildSettings = {
				FRAMEWORK_SEARCH_PATHS = (
					"$(inherited)",
					"$(SRCROOT)/Vendor/UbertestersSDK",
				);
				GCC_PRECOMPILE_PREFIX_HEADER = YES;
				GCC_PREFIX_HEADER = "App/FMF Football-Prefix.pch";
				INFOPLIST_FILE = "App/FMF Football-Info.plist";
				PRODUCT_NAME = "$(TARGET_NAME)";
				TARGETED_DEVICE_FAMILY = 1;
				WRAPPER_EXTENSION = app;
			};
			name = Debug;
		};
		153BBC6D17DFC2E40071E63B /* Release */ = {
			isa = XCBuildConfiguration;
			baseConfigurationReference = FACE7B05A54E4AFCA3D2ADB7 /* Pods.xcconfig */;
			buildSettings = {
				CODE_SIGN_IDENTITY = "iPhone Distribution";
				"CODE_SIGN_IDENTITY[sdk=iphoneos*]" = "iPhone Distribution";
				FRAMEWORK_SEARCH_PATHS = (
					"$(inherited)",
					"$(SRCROOT)/Vendor/UbertestersSDK",
				);
				GCC_PRECOMPILE_PREFIX_HEADER = YES;
				GCC_PREFIX_HEADER = "App/FMF Football-Prefix.pch";
				INFOPLIST_FILE = "App/FMF Football-Info.plist";
				PRODUCT_NAME = "$(TARGET_NAME)";
				PROVISIONING_PROFILE = "";
				"PROVISIONING_PROFILE[sdk=iphoneos*]" = "";
				TARGETED_DEVICE_FAMILY = 1;
				WRAPPER_EXTENSION = app;
			};
			name = Release;
		};
/* End XCBuildConfiguration section */

/* Begin XCConfigurationList section */
		153BBC2B17DFC2E40071E63B /* Build configuration list for PBXProject "FMF Football" */ = {
			isa = XCConfigurationList;
			buildConfigurations = (
				153BBC6917DFC2E40071E63B /* Debug */,
				153BBC6A17DFC2E40071E63B /* Release */,
			);
			defaultConfigurationIsVisible = 0;
			defaultConfigurationName = Release;
		};
		153BBC6B17DFC2E40071E63B /* Build configuration list for PBXNativeTarget "FMF Football" */ = {
			isa = XCConfigurationList;
			buildConfigurations = (
				153BBC6C17DFC2E40071E63B /* Debug */,
				153BBC6D17DFC2E40071E63B /* Release */,
			);
			defaultConfigurationIsVisible = 0;
			defaultConfigurationName = Release;
		};
/* End XCConfigurationList section */
	};
	rootObject = 153BBC2817DFC2E40071E63B /* Project object */;
}
