// !$*UTF8*$!
{
	archiveVersion = 1;
	classes = {
	};
	objectVersion = 46;
	objects = {

/* Begin PBXBuildFile section */
		1527AE2F17DFDCEA00D181D7 /* Security.framework in Frameworks */ = {isa = PBXBuildFile; fileRef = 1527AE2E17DFDCEA00D181D7 /* Security.framework */; };
		1527AE3117DFDCEF00D181D7 /* MobileCoreServices.framework in Frameworks */ = {isa = PBXBuildFile; fileRef = 1527AE3017DFDCEF00D181D7 /* MobileCoreServices.framework */; };
		1527AE3317DFDCFB00D181D7 /* SystemConfiguration.framework in Frameworks */ = {isa = PBXBuildFile; fileRef = 1527AE3217DFDCFB00D181D7 /* SystemConfiguration.framework */; };
		152B545117EBA80600C4B7F7 /* FFTickerDrawerViewController.m in Sources */ = {isa = PBXBuildFile; fileRef = 152B545017EBA80600C4B7F7 /* FFTickerDrawerViewController.m */; };
		152B545417EBA97300C4B7F7 /* FFTickerMaximizedDrawerViewController.m in Sources */ = {isa = PBXBuildFile; fileRef = 152B545317EBA97300C4B7F7 /* FFTickerMaximizedDrawerViewController.m */; };
		152B545717EBC93100C4B7F7 /* FFTickerMinimizedDrawerViewController.m in Sources */ = {isa = PBXBuildFile; fileRef = 152B545617EBC93100C4B7F7 /* FFTickerMinimizedDrawerViewController.m */; };
		152B545A17EBCEC600C4B7F7 /* FFDrawerViewController.m in Sources */ = {isa = PBXBuildFile; fileRef = 152B545917EBCEC600C4B7F7 /* FFDrawerViewController.m */; };
		152B545D17EBDB3900C4B7F7 /* FFSession.m in Sources */ = {isa = PBXBuildFile; fileRef = 152B545C17EBDB3900C4B7F7 /* FFSession.m */; };
		1535142C17DFF2B600F776AC /* FFUser.m in Sources */ = {isa = PBXBuildFile; fileRef = 1535142B17DFF2B600F776AC /* FFUser.m */; };
		1538D31017F0E95800B41E4F /* FFMarket.m in Sources */ = {isa = PBXBuildFile; fileRef = 1538D30F17F0E95800B41E4F /* FFMarket.m */; };
		1538D31317F1064900B41E4F /* NSDate+ISO8601.m in Sources */ = {isa = PBXBuildFile; fileRef = 1538D31217F1064900B41E4F /* NSDate+ISO8601.m */; };
		153BBC3417DFC2E40071E63B /* UIKit.framework in Frameworks */ = {isa = PBXBuildFile; fileRef = 153BBC3317DFC2E40071E63B /* UIKit.framework */; };
		153BBC3617DFC2E40071E63B /* Foundation.framework in Frameworks */ = {isa = PBXBuildFile; fileRef = 153BBC3517DFC2E40071E63B /* Foundation.framework */; };
		153BBC3817DFC2E40071E63B /* CoreGraphics.framework in Frameworks */ = {isa = PBXBuildFile; fileRef = 153BBC3717DFC2E40071E63B /* CoreGraphics.framework */; };
		153BBC3E17DFC2E40071E63B /* InfoPlist.strings in Resources */ = {isa = PBXBuildFile; fileRef = 153BBC3C17DFC2E40071E63B /* InfoPlist.strings */; };
		153BBC4017DFC2E40071E63B /* main.m in Sources */ = {isa = PBXBuildFile; fileRef = 153BBC3F17DFC2E40071E63B /* main.m */; };
		153BBC4417DFC2E40071E63B /* FFAppDelegate.m in Sources */ = {isa = PBXBuildFile; fileRef = 153BBC4317DFC2E40071E63B /* FFAppDelegate.m */; };
		153BBC4617DFC2E40071E63B /* Default.png in Resources */ = {isa = PBXBuildFile; fileRef = 153BBC4517DFC2E40071E63B /* Default.png */; };
		153BBC4817DFC2E40071E63B /* Default@2x.png in Resources */ = {isa = PBXBuildFile; fileRef = 153BBC4717DFC2E40071E63B /* Default@2x.png */; };
		153BBC4A17DFC2E40071E63B /* Default-568h@2x.png in Resources */ = {isa = PBXBuildFile; fileRef = 153BBC4917DFC2E40071E63B /* Default-568h@2x.png */; };
		153BBC4D17DFC2E40071E63B /* MainStoryboard_iPhone.storyboard in Resources */ = {isa = PBXBuildFile; fileRef = 153BBC4B17DFC2E40071E63B /* MainStoryboard_iPhone.storyboard */; };
		153BBC5017DFC2E40071E63B /* MainStoryboard_iPad.storyboard in Resources */ = {isa = PBXBuildFile; fileRef = 153BBC4E17DFC2E40071E63B /* MainStoryboard_iPad.storyboard */; };
		153BBC5B17DFC2E40071E63B /* SenTestingKit.framework in Frameworks */ = {isa = PBXBuildFile; fileRef = 153BBC5A17DFC2E40071E63B /* SenTestingKit.framework */; };
		153BBC5C17DFC2E40071E63B /* UIKit.framework in Frameworks */ = {isa = PBXBuildFile; fileRef = 153BBC3317DFC2E40071E63B /* UIKit.framework */; };
		153BBC5D17DFC2E40071E63B /* Foundation.framework in Frameworks */ = {isa = PBXBuildFile; fileRef = 153BBC3517DFC2E40071E63B /* Foundation.framework */; };
		153BBC6517DFC2E40071E63B /* InfoPlist.strings in Resources */ = {isa = PBXBuildFile; fileRef = 153BBC6317DFC2E40071E63B /* InfoPlist.strings */; };
		153BBC6817DFC2E40071E63B /* FMF_FootballTests.m in Sources */ = {isa = PBXBuildFile; fileRef = 153BBC6717DFC2E40071E63B /* FMF_FootballTests.m */; };
		1589CEA817E90C1700A7233E /* FFHomeViewController.m in Sources */ = {isa = PBXBuildFile; fileRef = 1589CEA717E90C1700A7233E /* FFHomeViewController.m */; };
		1589CEAA17E96E1400A7233E /* globalmenu@2x.png in Resources */ = {isa = PBXBuildFile; fileRef = 1589CEA917E96E1400A7233E /* globalmenu@2x.png */; };
		1589CEAC17E96FE600A7233E /* darkgreen.png in Resources */ = {isa = PBXBuildFile; fileRef = 1589CEAB17E96FE600A7233E /* darkgreen.png */; };
		1589CEAF17E9746A00A7233E /* FFBaseViewController.m in Sources */ = {isa = PBXBuildFile; fileRef = 1589CEAE17E9746A00A7233E /* FFBaseViewController.m */; };
		1589CEB117E9804100A7233E /* bannerclose@2x.png in Resources */ = {isa = PBXBuildFile; fileRef = 1589CEB017E9804000A7233E /* bannerclose@2x.png */; };
		15A2378517E268AA00225942 /* FFSessionViewController.m in Sources */ = {isa = PBXBuildFile; fileRef = 15A2378317E268AA00225942 /* FFSessionViewController.m */; };
		15A2378917E269BB00225942 /* fmf-splash-bg@2x.png in Resources */ = {isa = PBXBuildFile; fileRef = 15A2378817E269BB00225942 /* fmf-splash-bg@2x.png */; };
		15A2378B17E26E9900225942 /* fmf-logo@2x.png in Resources */ = {isa = PBXBuildFile; fileRef = 15A2378A17E26E9900225942 /* fmf-logo@2x.png */; };
		15A2378D17E2708100225942 /* fmf-splash-copy@2x.png in Resources */ = {isa = PBXBuildFile; fileRef = 15A2378C17E2708100225942 /* fmf-splash-copy@2x.png */; };
		15A2379117E2747000225942 /* FFStyle.m in Sources */ = {isa = PBXBuildFile; fileRef = 15A2379017E2747000225942 /* FFStyle.m */; };
		15A2379517E277F700225942 /* ProhibitionRound.ttf in Resources */ = {isa = PBXBuildFile; fileRef = 15A2379417E277F700225942 /* ProhibitionRound.ttf */; };
		15A2379917E27C5600225942 /* FFTextField.m in Sources */ = {isa = PBXBuildFile; fileRef = 15A2379817E27C5600225942 /* FFTextField.m */; };
		15A2379C17E2813700225942 /* 0-percent.png in Resources */ = {isa = PBXBuildFile; fileRef = 15A2379A17E2813700225942 /* 0-percent.png */; };
		15A2379D17E2813700225942 /* 40-percent.png in Resources */ = {isa = PBXBuildFile; fileRef = 15A2379B17E2813700225942 /* 40-percent.png */; };
		15A2379F17E2865A00225942 /* QuartzCore.framework in Frameworks */ = {isa = PBXBuildFile; fileRef = 15A2379E17E2865A00225942 /* QuartzCore.framework */; };
		15A237A117E2925300225942 /* fmf-splash-bg2@2x.png in Resources */ = {isa = PBXBuildFile; fileRef = 15A237A017E2925300225942 /* fmf-splash-bg2@2x.png */; };
		15A237A417E29ACC00225942 /* FFAlertView.m in Sources */ = {isa = PBXBuildFile; fileRef = 15A237A317E29ACC00225942 /* FFAlertView.m */; };
		15A237A717E29BF800225942 /* UIView+FindFirstResponder.m in Sources */ = {isa = PBXBuildFile; fileRef = 15A237A617E29BF800225942 /* UIView+FindFirstResponder.m */; };
		15A237AB17E2DBD400225942 /* FacebookSDK.framework in Frameworks */ = {isa = PBXBuildFile; fileRef = 15A237AA17E2DBD400225942 /* FacebookSDK.framework */; };
		15AAC74D17F1D4B6007313EF /* FFMarketSelector.m in Sources */ = {isa = PBXBuildFile; fileRef = 15AAC74C17F1D4B6007313EF /* FFMarketSelector.m */; };
		15AAC75017F1F83B007313EF /* rightshuttle@2x.png in Resources */ = {isa = PBXBuildFile; fileRef = 15AAC74E17F1F83B007313EF /* rightshuttle@2x.png */; };
		15AAC75117F1F83B007313EF /* leftshuttle@2x.png in Resources */ = {isa = PBXBuildFile; fileRef = 15AAC74F17F1F83B007313EF /* leftshuttle@2x.png */; };
		15AAC75417F207E9007313EF /* FFUserBitView.m in Sources */ = {isa = PBXBuildFile; fileRef = 15AAC75317F207E9007313EF /* FFUserBitView.m */; };
		15AAC75617F20866007313EF /* avatarmask@2x.png in Resources */ = {isa = PBXBuildFile; fileRef = 15AAC75517F20866007313EF /* avatarmask@2x.png */; };
		15AAC75817F20EFE007313EF /* defaultuser@2x.png in Resources */ = {isa = PBXBuildFile; fileRef = 15AAC75717F20EFE007313EF /* defaultuser@2x.png */; };
		15AAC75B17F22792007313EF /* FFGameButtonView.m in Sources */ = {isa = PBXBuildFile; fileRef = 15AAC75A17F22792007313EF /* FFGameButtonView.m */; };
		15AAC75E17F261F4007313EF /* FFCreateGameViewController.m in Sources */ = {isa = PBXBuildFile; fileRef = 15AAC75D17F261F4007313EF /* FFCreateGameViewController.m */; };
		15AAC76117F26202007313EF /* FFFindGameViewController.m in Sources */ = {isa = PBXBuildFile; fileRef = 15AAC76017F26202007313EF /* FFFindGameViewController.m */; };
		15AAC76317F26603007313EF /* backbtn@2x.png in Resources */ = {isa = PBXBuildFile; fileRef = 15AAC76217F26603007313EF /* backbtn@2x.png */; };
		15AAC76617F28294007313EF /* FFGame.m in Sources */ = {isa = PBXBuildFile; fileRef = 15AAC76517F28294007313EF /* FFGame.m */; };
		15AAC76A17F287EB007313EF /* FFContest2UpTabelViewCell.m in Sources */ = {isa = PBXBuildFile; fileRef = 15AAC76917F287EB007313EF /* FFContest2UpTabelViewCell.m */; };
		15AFA2E217EBFB9C00374613 /* helmet-placeholder.png in Resources */ = {isa = PBXBuildFile; fileRef = 15AFA2E117EBFB9C00374613 /* helmet-placeholder.png */; };
		15AFA2E417EBFBEF00374613 /* helmet-placeholder@2x.png in Resources */ = {isa = PBXBuildFile; fileRef = 15AFA2E317EBFBEF00374613 /* helmet-placeholder@2x.png */; };
		15AFA2E617EBFDF000374613 /* player-cutout@2x.png in Resources */ = {isa = PBXBuildFile; fileRef = 15AFA2E517EBFDF000374613 /* player-cutout@2x.png */; };
		15B06A1117F6048300832F6D /* FFContestEntrantsViewController.m in Sources */ = {isa = PBXBuildFile; fileRef = 15B06A1017F6048300832F6D /* FFContestEntrantsViewController.m */; };
		15CD294617F73D9F0027DFEC /* greydot@2x.png in Resources */ = {isa = PBXBuildFile; fileRef = 15CD294317F73D9F0027DFEC /* greydot@2x.png */; };
		15CD294717F73D9F0027DFEC /* greendot@2x.png in Resources */ = {isa = PBXBuildFile; fileRef = 15CD294417F73D9F0027DFEC /* greendot@2x.png */; };
		15CD294817F73D9F0027DFEC /* reddot@2x.png in Resources */ = {isa = PBXBuildFile; fileRef = 15CD294517F73D9F0027DFEC /* reddot@2x.png */; };
		15CD294A17F73EA30027DFEC /* bluedot@2x.png in Resources */ = {isa = PBXBuildFile; fileRef = 15CD294917F73EA30027DFEC /* bluedot@2x.png */; };
		15CD294C17F73F890027DFEC /* disclosurelight@2x.png in Resources */ = {isa = PBXBuildFile; fileRef = 15CD294B17F73F890027DFEC /* disclosurelight@2x.png */; };
		15CE07E717F4BE5B0086EB78 /* sectionback@2x.png in Resources */ = {isa = PBXBuildFile; fileRef = 15CE07E617F4BE5B0086EB78 /* sectionback@2x.png */; };
		15CE07EA17F4DBEB0086EB78 /* FFPlayerSelectCell.m in Sources */ = {isa = PBXBuildFile; fileRef = 15CE07E917F4DBEB0086EB78 /* FFPlayerSelectCell.m */; };
		15D756AE17F29AA90080AE4F /* FFContestType.m in Sources */ = {isa = PBXBuildFile; fileRef = 15D756AD17F29AA90080AE4F /* FFContestType.m */; };
		15D756B017F2A7F80080AE4F /* contestcircle@2x.png in Resources */ = {isa = PBXBuildFile; fileRef = 15D756AF17F2A7F80080AE4F /* contestcircle@2x.png */; };
		15D756B317F37E7A0080AE4F /* FFMenuViewController.m in Sources */ = {isa = PBXBuildFile; fileRef = 15D756B217F37E7A0080AE4F /* FFMenuViewController.m */; };
		15D756B517F3881C0080AE4F /* disclosuredark@2x.png in Resources */ = {isa = PBXBuildFile; fileRef = 15D756B417F3881C0080AE4F /* disclosuredark@2x.png */; };
		15D756B717F389570080AE4F /* globalmenu-highlighted@2x.png in Resources */ = {isa = PBXBuildFile; fileRef = 15D756B617F389570080AE4F /* globalmenu-highlighted@2x.png */; };
		15D756BA17F38F000080AE4F /* FFContestViewController.m in Sources */ = {isa = PBXBuildFile; fileRef = 15D756B917F38F000080AE4F /* FFContestViewController.m */; };
		15D756BD17F3A9320080AE4F /* FFContestView.m in Sources */ = {isa = PBXBuildFile; fileRef = 15D756BC17F3A9320080AE4F /* FFContestView.m */; };
		15D756C017F3D4AD0080AE4F /* FFRoster.m in Sources */ = {isa = PBXBuildFile; fileRef = 15D756BF17F3D4AD0080AE4F /* FFRoster.m */; };
		15D756C317F3E5B50080AE4F /* FFRosterViewController.m in Sources */ = {isa = PBXBuildFile; fileRef = 15D756C217F3E5B50080AE4F /* FFRosterViewController.m */; };
		15D756C617F485F10080AE4F /* FFRosterSlotCell.m in Sources */ = {isa = PBXBuildFile; fileRef = 15D756C517F485F10080AE4F /* FFRosterSlotCell.m */; };
		15D756C817F489050080AE4F /* rosterslotempty@2x.png in Resources */ = {isa = PBXBuildFile; fileRef = 15D756C717F489050080AE4F /* rosterslotempty@2x.png */; };
		15E06C2217F5048000E8AB4D /* playerselectmask@2x.png in Resources */ = {isa = PBXBuildFile; fileRef = 15E06C2117F5048000E8AB4D /* playerselectmask@2x.png */; };
		52F3ED9090324EB7BA21CF44 /* libPods.a in Frameworks */ = {isa = PBXBuildFile; fileRef = CCE50D82857A45A1B1A9DFA0 /* libPods.a */; };
/* End PBXBuildFile section */

/* Begin PBXContainerItemProxy section */
		153BBC5E17DFC2E40071E63B /* PBXContainerItemProxy */ = {
			isa = PBXContainerItemProxy;
			containerPortal = 153BBC2817DFC2E40071E63B /* Project object */;
			proxyType = 1;
			remoteGlobalIDString = 153BBC2F17DFC2E40071E63B;
			remoteInfo = "FMF Football";
		};
/* End PBXContainerItemProxy section */

/* Begin PBXFileReference section */
		1527AE2E17DFDCEA00D181D7 /* Security.framework */ = {isa = PBXFileReference; lastKnownFileType = wrapper.framework; name = Security.framework; path = System/Library/Frameworks/Security.framework; sourceTree = SDKROOT; };
		1527AE3017DFDCEF00D181D7 /* MobileCoreServices.framework */ = {isa = PBXFileReference; lastKnownFileType = wrapper.framework; name = MobileCoreServices.framework; path = System/Library/Frameworks/MobileCoreServices.framework; sourceTree = SDKROOT; };
		1527AE3217DFDCFB00D181D7 /* SystemConfiguration.framework */ = {isa = PBXFileReference; lastKnownFileType = wrapper.framework; name = SystemConfiguration.framework; path = System/Library/Frameworks/SystemConfiguration.framework; sourceTree = SDKROOT; };
		152B544F17EBA80600C4B7F7 /* FFTickerDrawerViewController.h */ = {isa = PBXFileReference; fileEncoding = 4; lastKnownFileType = sourcecode.c.h; path = FFTickerDrawerViewController.h; sourceTree = "<group>"; };
		152B545017EBA80600C4B7F7 /* FFTickerDrawerViewController.m */ = {isa = PBXFileReference; fileEncoding = 4; lastKnownFileType = sourcecode.c.objc; path = FFTickerDrawerViewController.m; sourceTree = "<group>"; };
		152B545217EBA97300C4B7F7 /* FFTickerMaximizedDrawerViewController.h */ = {isa = PBXFileReference; fileEncoding = 4; lastKnownFileType = sourcecode.c.h; path = FFTickerMaximizedDrawerViewController.h; sourceTree = "<group>"; };
		152B545317EBA97300C4B7F7 /* FFTickerMaximizedDrawerViewController.m */ = {isa = PBXFileReference; fileEncoding = 4; lastKnownFileType = sourcecode.c.objc; path = FFTickerMaximizedDrawerViewController.m; sourceTree = "<group>"; };
		152B545517EBC93000C4B7F7 /* FFTickerMinimizedDrawerViewController.h */ = {isa = PBXFileReference; fileEncoding = 4; lastKnownFileType = sourcecode.c.h; path = FFTickerMinimizedDrawerViewController.h; sourceTree = "<group>"; };
		152B545617EBC93100C4B7F7 /* FFTickerMinimizedDrawerViewController.m */ = {isa = PBXFileReference; fileEncoding = 4; lastKnownFileType = sourcecode.c.objc; path = FFTickerMinimizedDrawerViewController.m; sourceTree = "<group>"; };
		152B545817EBCEC600C4B7F7 /* FFDrawerViewController.h */ = {isa = PBXFileReference; fileEncoding = 4; lastKnownFileType = sourcecode.c.h; path = FFDrawerViewController.h; sourceTree = "<group>"; };
		152B545917EBCEC600C4B7F7 /* FFDrawerViewController.m */ = {isa = PBXFileReference; fileEncoding = 4; lastKnownFileType = sourcecode.c.objc; path = FFDrawerViewController.m; sourceTree = "<group>"; };
		152B545B17EBDB3900C4B7F7 /* FFSession.h */ = {isa = PBXFileReference; fileEncoding = 4; lastKnownFileType = sourcecode.c.h; path = FFSession.h; sourceTree = "<group>"; };
		152B545C17EBDB3900C4B7F7 /* FFSession.m */ = {isa = PBXFileReference; fileEncoding = 4; lastKnownFileType = sourcecode.c.objc; path = FFSession.m; sourceTree = "<group>"; };
		1535142A17DFF2B600F776AC /* FFUser.h */ = {isa = PBXFileReference; fileEncoding = 4; lastKnownFileType = sourcecode.c.h; path = FFUser.h; sourceTree = "<group>"; };
		1535142B17DFF2B600F776AC /* FFUser.m */ = {isa = PBXFileReference; fileEncoding = 4; lastKnownFileType = sourcecode.c.objc; path = FFUser.m; sourceTree = "<group>"; };
		1538D30E17F0E95800B41E4F /* FFMarket.h */ = {isa = PBXFileReference; fileEncoding = 4; lastKnownFileType = sourcecode.c.h; path = FFMarket.h; sourceTree = "<group>"; };
		1538D30F17F0E95800B41E4F /* FFMarket.m */ = {isa = PBXFileReference; fileEncoding = 4; lastKnownFileType = sourcecode.c.objc; path = FFMarket.m; sourceTree = "<group>"; };
		1538D31117F1064900B41E4F /* NSDate+ISO8601.h */ = {isa = PBXFileReference; fileEncoding = 4; lastKnownFileType = sourcecode.c.h; path = "NSDate+ISO8601.h"; sourceTree = "<group>"; };
		1538D31217F1064900B41E4F /* NSDate+ISO8601.m */ = {isa = PBXFileReference; fileEncoding = 4; lastKnownFileType = sourcecode.c.objc; path = "NSDate+ISO8601.m"; sourceTree = "<group>"; };
		153BBC3017DFC2E40071E63B /* FMF Football.app */ = {isa = PBXFileReference; explicitFileType = wrapper.application; includeInIndex = 0; path = "FMF Football.app"; sourceTree = BUILT_PRODUCTS_DIR; };
		153BBC3317DFC2E40071E63B /* UIKit.framework */ = {isa = PBXFileReference; lastKnownFileType = wrapper.framework; name = UIKit.framework; path = System/Library/Frameworks/UIKit.framework; sourceTree = SDKROOT; };
		153BBC3517DFC2E40071E63B /* Foundation.framework */ = {isa = PBXFileReference; lastKnownFileType = wrapper.framework; name = Foundation.framework; path = System/Library/Frameworks/Foundation.framework; sourceTree = SDKROOT; };
		153BBC3717DFC2E40071E63B /* CoreGraphics.framework */ = {isa = PBXFileReference; lastKnownFileType = wrapper.framework; name = CoreGraphics.framework; path = System/Library/Frameworks/CoreGraphics.framework; sourceTree = SDKROOT; };
		153BBC3B17DFC2E40071E63B /* FMF Football-Info.plist */ = {isa = PBXFileReference; lastKnownFileType = text.plist.xml; path = "FMF Football-Info.plist"; sourceTree = "<group>"; };
		153BBC3D17DFC2E40071E63B /* en */ = {isa = PBXFileReference; lastKnownFileType = text.plist.strings; name = en; path = en.lproj/InfoPlist.strings; sourceTree = "<group>"; };
		153BBC3F17DFC2E40071E63B /* main.m */ = {isa = PBXFileReference; lastKnownFileType = sourcecode.c.objc; path = main.m; sourceTree = "<group>"; };
		153BBC4117DFC2E40071E63B /* FMF Football-Prefix.pch */ = {isa = PBXFileReference; lastKnownFileType = sourcecode.c.h; path = "FMF Football-Prefix.pch"; sourceTree = "<group>"; };
		153BBC4217DFC2E40071E63B /* FFAppDelegate.h */ = {isa = PBXFileReference; lastKnownFileType = sourcecode.c.h; path = FFAppDelegate.h; sourceTree = "<group>"; };
		153BBC4317DFC2E40071E63B /* FFAppDelegate.m */ = {isa = PBXFileReference; lastKnownFileType = sourcecode.c.objc; path = FFAppDelegate.m; sourceTree = "<group>"; };
		153BBC4517DFC2E40071E63B /* Default.png */ = {isa = PBXFileReference; lastKnownFileType = image.png; path = Default.png; sourceTree = "<group>"; };
		153BBC4717DFC2E40071E63B /* Default@2x.png */ = {isa = PBXFileReference; lastKnownFileType = image.png; path = "Default@2x.png"; sourceTree = "<group>"; };
		153BBC4917DFC2E40071E63B /* Default-568h@2x.png */ = {isa = PBXFileReference; lastKnownFileType = image.png; path = "Default-568h@2x.png"; sourceTree = "<group>"; };
		153BBC4C17DFC2E40071E63B /* en */ = {isa = PBXFileReference; lastKnownFileType = file.storyboard; name = en; path = en.lproj/MainStoryboard_iPhone.storyboard; sourceTree = "<group>"; };
		153BBC4F17DFC2E40071E63B /* en */ = {isa = PBXFileReference; lastKnownFileType = file.storyboard; name = en; path = en.lproj/MainStoryboard_iPad.storyboard; sourceTree = "<group>"; };
		153BBC5917DFC2E40071E63B /* FMF FootballTests.octest */ = {isa = PBXFileReference; explicitFileType = wrapper.cfbundle; includeInIndex = 0; path = "FMF FootballTests.octest"; sourceTree = BUILT_PRODUCTS_DIR; };
		153BBC5A17DFC2E40071E63B /* SenTestingKit.framework */ = {isa = PBXFileReference; lastKnownFileType = wrapper.framework; name = SenTestingKit.framework; path = Library/Frameworks/SenTestingKit.framework; sourceTree = DEVELOPER_DIR; };
		153BBC6217DFC2E40071E63B /* FMF FootballTests-Info.plist */ = {isa = PBXFileReference; lastKnownFileType = text.plist.xml; path = "FMF FootballTests-Info.plist"; sourceTree = "<group>"; };
		153BBC6417DFC2E40071E63B /* en */ = {isa = PBXFileReference; lastKnownFileType = text.plist.strings; name = en; path = en.lproj/InfoPlist.strings; sourceTree = "<group>"; };
		153BBC6617DFC2E40071E63B /* FMF_FootballTests.h */ = {isa = PBXFileReference; lastKnownFileType = sourcecode.c.h; path = FMF_FootballTests.h; sourceTree = "<group>"; };
		153BBC6717DFC2E40071E63B /* FMF_FootballTests.m */ = {isa = PBXFileReference; lastKnownFileType = sourcecode.c.objc; path = FMF_FootballTests.m; sourceTree = "<group>"; };
		1589CEA617E90C1700A7233E /* FFHomeViewController.h */ = {isa = PBXFileReference; fileEncoding = 4; lastKnownFileType = sourcecode.c.h; path = FFHomeViewController.h; sourceTree = "<group>"; };
		1589CEA717E90C1700A7233E /* FFHomeViewController.m */ = {isa = PBXFileReference; fileEncoding = 4; lastKnownFileType = sourcecode.c.objc; path = FFHomeViewController.m; sourceTree = "<group>"; };
		1589CEA917E96E1400A7233E /* globalmenu@2x.png */ = {isa = PBXFileReference; lastKnownFileType = image.png; path = "globalmenu@2x.png"; sourceTree = "<group>"; };
		1589CEAB17E96FE600A7233E /* darkgreen.png */ = {isa = PBXFileReference; lastKnownFileType = image.png; path = darkgreen.png; sourceTree = "<group>"; };
		1589CEAD17E9746A00A7233E /* FFBaseViewController.h */ = {isa = PBXFileReference; fileEncoding = 4; lastKnownFileType = sourcecode.c.h; path = FFBaseViewController.h; sourceTree = "<group>"; };
		1589CEAE17E9746A00A7233E /* FFBaseViewController.m */ = {isa = PBXFileReference; fileEncoding = 4; lastKnownFileType = sourcecode.c.objc; path = FFBaseViewController.m; sourceTree = "<group>"; };
		1589CEB017E9804000A7233E /* bannerclose@2x.png */ = {isa = PBXFileReference; lastKnownFileType = image.png; path = "bannerclose@2x.png"; sourceTree = "<group>"; };
		15A2378217E268AA00225942 /* FFSessionViewController.h */ = {isa = PBXFileReference; fileEncoding = 4; lastKnownFileType = sourcecode.c.h; path = FFSessionViewController.h; sourceTree = "<group>"; };
		15A2378317E268AA00225942 /* FFSessionViewController.m */ = {isa = PBXFileReference; fileEncoding = 4; lastKnownFileType = sourcecode.c.objc; path = FFSessionViewController.m; sourceTree = "<group>"; };
		15A2378817E269BB00225942 /* fmf-splash-bg@2x.png */ = {isa = PBXFileReference; lastKnownFileType = image.png; path = "fmf-splash-bg@2x.png"; sourceTree = "<group>"; };
		15A2378A17E26E9900225942 /* fmf-logo@2x.png */ = {isa = PBXFileReference; lastKnownFileType = image.png; path = "fmf-logo@2x.png"; sourceTree = "<group>"; };
		15A2378C17E2708100225942 /* fmf-splash-copy@2x.png */ = {isa = PBXFileReference; lastKnownFileType = image.png; path = "fmf-splash-copy@2x.png"; sourceTree = "<group>"; };
		15A2378F17E2747000225942 /* FFStyle.h */ = {isa = PBXFileReference; fileEncoding = 4; lastKnownFileType = sourcecode.c.h; path = FFStyle.h; sourceTree = "<group>"; };
		15A2379017E2747000225942 /* FFStyle.m */ = {isa = PBXFileReference; fileEncoding = 4; lastKnownFileType = sourcecode.c.objc; path = FFStyle.m; sourceTree = "<group>"; };
		15A2379417E277F700225942 /* ProhibitionRound.ttf */ = {isa = PBXFileReference; lastKnownFileType = file; path = ProhibitionRound.ttf; sourceTree = "<group>"; };
		15A2379717E27C5600225942 /* FFTextField.h */ = {isa = PBXFileReference; fileEncoding = 4; lastKnownFileType = sourcecode.c.h; path = FFTextField.h; sourceTree = "<group>"; };
		15A2379817E27C5600225942 /* FFTextField.m */ = {isa = PBXFileReference; fileEncoding = 4; lastKnownFileType = sourcecode.c.objc; path = FFTextField.m; sourceTree = "<group>"; };
		15A2379A17E2813700225942 /* 0-percent.png */ = {isa = PBXFileReference; lastKnownFileType = image.png; path = "0-percent.png"; sourceTree = "<group>"; };
		15A2379B17E2813700225942 /* 40-percent.png */ = {isa = PBXFileReference; lastKnownFileType = image.png; path = "40-percent.png"; sourceTree = "<group>"; };
		15A2379E17E2865A00225942 /* QuartzCore.framework */ = {isa = PBXFileReference; lastKnownFileType = wrapper.framework; name = QuartzCore.framework; path = System/Library/Frameworks/QuartzCore.framework; sourceTree = SDKROOT; };
		15A237A017E2925300225942 /* fmf-splash-bg2@2x.png */ = {isa = PBXFileReference; lastKnownFileType = image.png; path = "fmf-splash-bg2@2x.png"; sourceTree = "<group>"; };
		15A237A217E29ACC00225942 /* FFAlertView.h */ = {isa = PBXFileReference; fileEncoding = 4; lastKnownFileType = sourcecode.c.h; path = FFAlertView.h; sourceTree = "<group>"; };
		15A237A317E29ACC00225942 /* FFAlertView.m */ = {isa = PBXFileReference; fileEncoding = 4; lastKnownFileType = sourcecode.c.objc; path = FFAlertView.m; sourceTree = "<group>"; };
		15A237A517E29BF800225942 /* UIView+FindFirstResponder.h */ = {isa = PBXFileReference; fileEncoding = 4; lastKnownFileType = sourcecode.c.h; path = "UIView+FindFirstResponder.h"; sourceTree = "<group>"; };
		15A237A617E29BF800225942 /* UIView+FindFirstResponder.m */ = {isa = PBXFileReference; fileEncoding = 4; lastKnownFileType = sourcecode.c.objc; path = "UIView+FindFirstResponder.m"; sourceTree = "<group>"; };
		15A237AA17E2DBD400225942 /* FacebookSDK.framework */ = {isa = PBXFileReference; lastKnownFileType = wrapper.framework; name = FacebookSDK.framework; path = ../../../../../../../Documents/FacebookSDK/FacebookSDK.framework; sourceTree = "<group>"; };
		15AAC74B17F1D4B6007313EF /* FFMarketSelector.h */ = {isa = PBXFileReference; fileEncoding = 4; lastKnownFileType = sourcecode.c.h; path = FFMarketSelector.h; sourceTree = "<group>"; };
		15AAC74C17F1D4B6007313EF /* FFMarketSelector.m */ = {isa = PBXFileReference; fileEncoding = 4; lastKnownFileType = sourcecode.c.objc; path = FFMarketSelector.m; sourceTree = "<group>"; };
		15AAC74E17F1F83B007313EF /* rightshuttle@2x.png */ = {isa = PBXFileReference; lastKnownFileType = image.png; path = "rightshuttle@2x.png"; sourceTree = "<group>"; };
		15AAC74F17F1F83B007313EF /* leftshuttle@2x.png */ = {isa = PBXFileReference; lastKnownFileType = image.png; path = "leftshuttle@2x.png"; sourceTree = "<group>"; };
		15AAC75217F207E9007313EF /* FFUserBitView.h */ = {isa = PBXFileReference; fileEncoding = 4; lastKnownFileType = sourcecode.c.h; path = FFUserBitView.h; sourceTree = "<group>"; };
		15AAC75317F207E9007313EF /* FFUserBitView.m */ = {isa = PBXFileReference; fileEncoding = 4; lastKnownFileType = sourcecode.c.objc; path = FFUserBitView.m; sourceTree = "<group>"; };
		15AAC75517F20866007313EF /* avatarmask@2x.png */ = {isa = PBXFileReference; lastKnownFileType = image.png; path = "avatarmask@2x.png"; sourceTree = "<group>"; };
		15AAC75717F20EFE007313EF /* defaultuser@2x.png */ = {isa = PBXFileReference; lastKnownFileType = image.png; path = "defaultuser@2x.png"; sourceTree = "<group>"; };
		15AAC75917F22792007313EF /* FFGameButtonView.h */ = {isa = PBXFileReference; fileEncoding = 4; lastKnownFileType = sourcecode.c.h; path = FFGameButtonView.h; sourceTree = "<group>"; };
		15AAC75A17F22792007313EF /* FFGameButtonView.m */ = {isa = PBXFileReference; fileEncoding = 4; lastKnownFileType = sourcecode.c.objc; path = FFGameButtonView.m; sourceTree = "<group>"; };
		15AAC75C17F261F4007313EF /* FFCreateGameViewController.h */ = {isa = PBXFileReference; fileEncoding = 4; lastKnownFileType = sourcecode.c.h; path = FFCreateGameViewController.h; sourceTree = "<group>"; };
		15AAC75D17F261F4007313EF /* FFCreateGameViewController.m */ = {isa = PBXFileReference; fileEncoding = 4; lastKnownFileType = sourcecode.c.objc; path = FFCreateGameViewController.m; sourceTree = "<group>"; };
		15AAC75F17F26202007313EF /* FFFindGameViewController.h */ = {isa = PBXFileReference; fileEncoding = 4; lastKnownFileType = sourcecode.c.h; path = FFFindGameViewController.h; sourceTree = "<group>"; };
		15AAC76017F26202007313EF /* FFFindGameViewController.m */ = {isa = PBXFileReference; fileEncoding = 4; lastKnownFileType = sourcecode.c.objc; path = FFFindGameViewController.m; sourceTree = "<group>"; };
		15AAC76217F26603007313EF /* backbtn@2x.png */ = {isa = PBXFileReference; lastKnownFileType = image.png; path = "backbtn@2x.png"; sourceTree = "<group>"; };
		15AAC76417F28294007313EF /* FFGame.h */ = {isa = PBXFileReference; fileEncoding = 4; lastKnownFileType = sourcecode.c.h; path = FFGame.h; sourceTree = "<group>"; };
		15AAC76517F28294007313EF /* FFGame.m */ = {isa = PBXFileReference; fileEncoding = 4; lastKnownFileType = sourcecode.c.objc; path = FFGame.m; sourceTree = "<group>"; };
		15AAC76817F287EB007313EF /* FFContest2UpTabelViewCell.h */ = {isa = PBXFileReference; fileEncoding = 4; lastKnownFileType = sourcecode.c.h; path = FFContest2UpTabelViewCell.h; sourceTree = "<group>"; };
		15AAC76917F287EB007313EF /* FFContest2UpTabelViewCell.m */ = {isa = PBXFileReference; fileEncoding = 4; lastKnownFileType = sourcecode.c.objc; path = FFContest2UpTabelViewCell.m; sourceTree = "<group>"; };
		15AFA2E117EBFB9C00374613 /* helmet-placeholder.png */ = {isa = PBXFileReference; lastKnownFileType = image.png; path = "helmet-placeholder.png"; sourceTree = "<group>"; };
		15AFA2E317EBFBEF00374613 /* helmet-placeholder@2x.png */ = {isa = PBXFileReference; lastKnownFileType = image.png; path = "helmet-placeholder@2x.png"; sourceTree = "<group>"; };
		15AFA2E517EBFDF000374613 /* player-cutout@2x.png */ = {isa = PBXFileReference; lastKnownFileType = image.png; path = "player-cutout@2x.png"; sourceTree = "<group>"; };
		15B06A0F17F6048300832F6D /* FFContestEntrantsViewController.h */ = {isa = PBXFileReference; fileEncoding = 4; lastKnownFileType = sourcecode.c.h; path = FFContestEntrantsViewController.h; sourceTree = "<group>"; };
		15B06A1017F6048300832F6D /* FFContestEntrantsViewController.m */ = {isa = PBXFileReference; fileEncoding = 4; lastKnownFileType = sourcecode.c.objc; path = FFContestEntrantsViewController.m; sourceTree = "<group>"; };
		15CD294317F73D9F0027DFEC /* greydot@2x.png */ = {isa = PBXFileReference; lastKnownFileType = image.png; path = "greydot@2x.png"; sourceTree = "<group>"; };
		15CD294417F73D9F0027DFEC /* greendot@2x.png */ = {isa = PBXFileReference; lastKnownFileType = image.png; path = "greendot@2x.png"; sourceTree = "<group>"; };
		15CD294517F73D9F0027DFEC /* reddot@2x.png */ = {isa = PBXFileReference; lastKnownFileType = image.png; path = "reddot@2x.png"; sourceTree = "<group>"; };
		15CD294917F73EA30027DFEC /* bluedot@2x.png */ = {isa = PBXFileReference; lastKnownFileType = image.png; path = "bluedot@2x.png"; sourceTree = "<group>"; };
		15CD294B17F73F890027DFEC /* disclosurelight@2x.png */ = {isa = PBXFileReference; lastKnownFileType = image.png; path = "disclosurelight@2x.png"; sourceTree = "<group>"; };
		15CE07E617F4BE5B0086EB78 /* sectionback@2x.png */ = {isa = PBXFileReference; lastKnownFileType = image.png; path = "sectionback@2x.png"; sourceTree = "<group>"; };
		15CE07E817F4DBEB0086EB78 /* FFPlayerSelectCell.h */ = {isa = PBXFileReference; fileEncoding = 4; lastKnownFileType = sourcecode.c.h; path = FFPlayerSelectCell.h; sourceTree = "<group>"; };
		15CE07E917F4DBEB0086EB78 /* FFPlayerSelectCell.m */ = {isa = PBXFileReference; fileEncoding = 4; lastKnownFileType = sourcecode.c.objc; path = FFPlayerSelectCell.m; sourceTree = "<group>"; };
		15D756AC17F29AA90080AE4F /* FFContestType.h */ = {isa = PBXFileReference; fileEncoding = 4; lastKnownFileType = sourcecode.c.h; path = FFContestType.h; sourceTree = "<group>"; };
		15D756AD17F29AA90080AE4F /* FFContestType.m */ = {isa = PBXFileReference; fileEncoding = 4; lastKnownFileType = sourcecode.c.objc; path = FFContestType.m; sourceTree = "<group>"; };
		15D756AF17F2A7F80080AE4F /* contestcircle@2x.png */ = {isa = PBXFileReference; lastKnownFileType = image.png; path = "contestcircle@2x.png"; sourceTree = "<group>"; };
		15D756B117F37E7A0080AE4F /* FFMenuViewController.h */ = {isa = PBXFileReference; fileEncoding = 4; lastKnownFileType = sourcecode.c.h; path = FFMenuViewController.h; sourceTree = "<group>"; };
		15D756B217F37E7A0080AE4F /* FFMenuViewController.m */ = {isa = PBXFileReference; fileEncoding = 4; lastKnownFileType = sourcecode.c.objc; path = FFMenuViewController.m; sourceTree = "<group>"; };
		15D756B417F3881C0080AE4F /* disclosuredark@2x.png */ = {isa = PBXFileReference; lastKnownFileType = image.png; path = "disclosuredark@2x.png"; sourceTree = "<group>"; };
		15D756B617F389570080AE4F /* globalmenu-highlighted@2x.png */ = {isa = PBXFileReference; lastKnownFileType = image.png; path = "globalmenu-highlighted@2x.png"; sourceTree = "<group>"; };
		15D756B817F38F000080AE4F /* FFContestViewController.h */ = {isa = PBXFileReference; fileEncoding = 4; lastKnownFileType = sourcecode.c.h; path = FFContestViewController.h; sourceTree = "<group>"; };
		15D756B917F38F000080AE4F /* FFContestViewController.m */ = {isa = PBXFileReference; fileEncoding = 4; lastKnownFileType = sourcecode.c.objc; path = FFContestViewController.m; sourceTree = "<group>"; };
		15D756BB17F3A9320080AE4F /* FFContestView.h */ = {isa = PBXFileReference; fileEncoding = 4; lastKnownFileType = sourcecode.c.h; path = FFContestView.h; sourceTree = "<group>"; };
		15D756BC17F3A9320080AE4F /* FFContestView.m */ = {isa = PBXFileReference; fileEncoding = 4; lastKnownFileType = sourcecode.c.objc; path = FFContestView.m; sourceTree = "<group>"; };
		15D756BE17F3D4AD0080AE4F /* FFRoster.h */ = {isa = PBXFileReference; fileEncoding = 4; lastKnownFileType = sourcecode.c.h; path = FFRoster.h; sourceTree = "<group>"; };
		15D756BF17F3D4AD0080AE4F /* FFRoster.m */ = {isa = PBXFileReference; fileEncoding = 4; lastKnownFileType = sourcecode.c.objc; path = FFRoster.m; sourceTree = "<group>"; };
		15D756C117F3E5B50080AE4F /* FFRosterViewController.h */ = {isa = PBXFileReference; fileEncoding = 4; lastKnownFileType = sourcecode.c.h; path = FFRosterViewController.h; sourceTree = "<group>"; };
		15D756C217F3E5B50080AE4F /* FFRosterViewController.m */ = {isa = PBXFileReference; fileEncoding = 4; lastKnownFileType = sourcecode.c.objc; path = FFRosterViewController.m; sourceTree = "<group>"; };
		15D756C417F485F00080AE4F /* FFRosterSlotCell.h */ = {isa = PBXFileReference; fileEncoding = 4; lastKnownFileType = sourcecode.c.h; path = FFRosterSlotCell.h; sourceTree = "<group>"; };
		15D756C517F485F10080AE4F /* FFRosterSlotCell.m */ = {isa = PBXFileReference; fileEncoding = 4; lastKnownFileType = sourcecode.c.objc; path = FFRosterSlotCell.m; sourceTree = "<group>"; };
		15D756C717F489050080AE4F /* rosterslotempty@2x.png */ = {isa = PBXFileReference; lastKnownFileType = image.png; path = "rosterslotempty@2x.png"; sourceTree = "<group>"; };
		15E06C2117F5048000E8AB4D /* playerselectmask@2x.png */ = {isa = PBXFileReference; lastKnownFileType = image.png; path = "playerselectmask@2x.png"; sourceTree = "<group>"; };
		CCE50D82857A45A1B1A9DFA0 /* libPods.a */ = {isa = PBXFileReference; explicitFileType = archive.ar; includeInIndex = 0; path = libPods.a; sourceTree = BUILT_PRODUCTS_DIR; };
		FACE7B05A54E4AFCA3D2ADB7 /* Pods.xcconfig */ = {isa = PBXFileReference; includeInIndex = 1; lastKnownFileType = text.xcconfig; name = Pods.xcconfig; path = Pods/Pods.xcconfig; sourceTree = SOURCE_ROOT; };
/* End PBXFileReference section */

/* Begin PBXFrameworksBuildPhase section */
		153BBC2D17DFC2E40071E63B /* Frameworks */ = {
			isa = PBXFrameworksBuildPhase;
			buildActionMask = 2147483647;
			files = (
				15A2379F17E2865A00225942 /* QuartzCore.framework in Frameworks */,
				1527AE3317DFDCFB00D181D7 /* SystemConfiguration.framework in Frameworks */,
				1527AE3117DFDCEF00D181D7 /* MobileCoreServices.framework in Frameworks */,
				1527AE2F17DFDCEA00D181D7 /* Security.framework in Frameworks */,
				153BBC3417DFC2E40071E63B /* UIKit.framework in Frameworks */,
				153BBC3617DFC2E40071E63B /* Foundation.framework in Frameworks */,
				153BBC3817DFC2E40071E63B /* CoreGraphics.framework in Frameworks */,
				52F3ED9090324EB7BA21CF44 /* libPods.a in Frameworks */,
				15A237AB17E2DBD400225942 /* FacebookSDK.framework in Frameworks */,
			);
			runOnlyForDeploymentPostprocessing = 0;
		};
		153BBC5517DFC2E40071E63B /* Frameworks */ = {
			isa = PBXFrameworksBuildPhase;
			buildActionMask = 2147483647;
			files = (
				153BBC5B17DFC2E40071E63B /* SenTestingKit.framework in Frameworks */,
				153BBC5C17DFC2E40071E63B /* UIKit.framework in Frameworks */,
				153BBC5D17DFC2E40071E63B /* Foundation.framework in Frameworks */,
			);
			runOnlyForDeploymentPostprocessing = 0;
		};
/* End PBXFrameworksBuildPhase section */

/* Begin PBXGroup section */
		1535142917DFEF3E00F776AC /* Data */ = {
			isa = PBXGroup;
			children = (
				1535142A17DFF2B600F776AC /* FFUser.h */,
				1535142B17DFF2B600F776AC /* FFUser.m */,
				152B545B17EBDB3900C4B7F7 /* FFSession.h */,
				152B545C17EBDB3900C4B7F7 /* FFSession.m */,
				1538D30E17F0E95800B41E4F /* FFMarket.h */,
				1538D30F17F0E95800B41E4F /* FFMarket.m */,
				15AAC76417F28294007313EF /* FFGame.h */,
				15AAC76517F28294007313EF /* FFGame.m */,
				15D756AC17F29AA90080AE4F /* FFContestType.h */,
				15D756AD17F29AA90080AE4F /* FFContestType.m */,
				15D756BE17F3D4AD0080AE4F /* FFRoster.h */,
				15D756BF17F3D4AD0080AE4F /* FFRoster.m */,
			);
			name = Data;
			sourceTree = "<group>";
		};
		153BBC2717DFC2E40071E63B = {
			isa = PBXGroup;
			children = (
				153BBC3917DFC2E40071E63B /* FMF Football */,
				153BBC6017DFC2E40071E63B /* FMF FootballTests */,
				153BBC3217DFC2E40071E63B /* Frameworks */,
				153BBC3117DFC2E40071E63B /* Products */,
				FACE7B05A54E4AFCA3D2ADB7 /* Pods.xcconfig */,
			);
			sourceTree = "<group>";
		};
		153BBC3117DFC2E40071E63B /* Products */ = {
			isa = PBXGroup;
			children = (
				153BBC3017DFC2E40071E63B /* FMF Football.app */,
				153BBC5917DFC2E40071E63B /* FMF FootballTests.octest */,
			);
			name = Products;
			sourceTree = "<group>";
		};
		153BBC3217DFC2E40071E63B /* Frameworks */ = {
			isa = PBXGroup;
			children = (
				15A237AA17E2DBD400225942 /* FacebookSDK.framework */,
				15A2379E17E2865A00225942 /* QuartzCore.framework */,
				1527AE3217DFDCFB00D181D7 /* SystemConfiguration.framework */,
				1527AE3017DFDCEF00D181D7 /* MobileCoreServices.framework */,
				1527AE2E17DFDCEA00D181D7 /* Security.framework */,
				153BBC3317DFC2E40071E63B /* UIKit.framework */,
				153BBC3517DFC2E40071E63B /* Foundation.framework */,
				153BBC3717DFC2E40071E63B /* CoreGraphics.framework */,
				153BBC5A17DFC2E40071E63B /* SenTestingKit.framework */,
				CCE50D82857A45A1B1A9DFA0 /* libPods.a */,
			);
			name = Frameworks;
			sourceTree = "<group>";
		};
		153BBC3917DFC2E40071E63B /* FMF Football */ = {
			isa = PBXGroup;
			children = (
				15AAC76717F287B7007313EF /* Cells */,
				15A2379617E27C4500225942 /* Views */,
				15A2378E17E2745B00225942 /* Utils */,
				15A2377F17E2670C00225942 /* Controllers */,
				1535142917DFEF3E00F776AC /* Data */,
				153BBC4217DFC2E40071E63B /* FFAppDelegate.h */,
				153BBC4317DFC2E40071E63B /* FFAppDelegate.m */,
				153BBC4B17DFC2E40071E63B /* MainStoryboard_iPhone.storyboard */,
				153BBC4E17DFC2E40071E63B /* MainStoryboard_iPad.storyboard */,
				153BBC3A17DFC2E40071E63B /* Supporting Files */,
			);
			path = "FMF Football";
			sourceTree = "<group>";
		};
		153BBC3A17DFC2E40071E63B /* Supporting Files */ = {
			isa = PBXGroup;
			children = (
				15A2379417E277F700225942 /* ProhibitionRound.ttf */,
				15A2378717E269A600225942 /* Images */,
				153BBC3B17DFC2E40071E63B /* FMF Football-Info.plist */,
				153BBC3C17DFC2E40071E63B /* InfoPlist.strings */,
				153BBC3F17DFC2E40071E63B /* main.m */,
				153BBC4117DFC2E40071E63B /* FMF Football-Prefix.pch */,
				153BBC4517DFC2E40071E63B /* Default.png */,
				153BBC4717DFC2E40071E63B /* Default@2x.png */,
				153BBC4917DFC2E40071E63B /* Default-568h@2x.png */,
			);
			name = "Supporting Files";
			sourceTree = "<group>";
		};
		153BBC6017DFC2E40071E63B /* FMF FootballTests */ = {
			isa = PBXGroup;
			children = (
				153BBC6617DFC2E40071E63B /* FMF_FootballTests.h */,
				153BBC6717DFC2E40071E63B /* FMF_FootballTests.m */,
				153BBC6117DFC2E40071E63B /* Supporting Files */,
			);
			path = "FMF FootballTests";
			sourceTree = "<group>";
		};
		153BBC6117DFC2E40071E63B /* Supporting Files */ = {
			isa = PBXGroup;
			children = (
				153BBC6217DFC2E40071E63B /* FMF FootballTests-Info.plist */,
				153BBC6317DFC2E40071E63B /* InfoPlist.strings */,
			);
			name = "Supporting Files";
			sourceTree = "<group>";
		};
		15A2377F17E2670C00225942 /* Controllers */ = {
			isa = PBXGroup;
			children = (
				15A2378217E268AA00225942 /* FFSessionViewController.h */,
				15A2378317E268AA00225942 /* FFSessionViewController.m */,
				1589CEAD17E9746A00A7233E /* FFBaseViewController.h */,
				1589CEAE17E9746A00A7233E /* FFBaseViewController.m */,
				1589CEA617E90C1700A7233E /* FFHomeViewController.h */,
				1589CEA717E90C1700A7233E /* FFHomeViewController.m */,
				152B545817EBCEC600C4B7F7 /* FFDrawerViewController.h */,
				152B545917EBCEC600C4B7F7 /* FFDrawerViewController.m */,
				152B544F17EBA80600C4B7F7 /* FFTickerDrawerViewController.h */,
				152B545017EBA80600C4B7F7 /* FFTickerDrawerViewController.m */,
				152B545217EBA97300C4B7F7 /* FFTickerMaximizedDrawerViewController.h */,
				152B545317EBA97300C4B7F7 /* FFTickerMaximizedDrawerViewController.m */,
				152B545517EBC93000C4B7F7 /* FFTickerMinimizedDrawerViewController.h */,
				152B545617EBC93100C4B7F7 /* FFTickerMinimizedDrawerViewController.m */,
				15AAC75C17F261F4007313EF /* FFCreateGameViewController.h */,
				15AAC75D17F261F4007313EF /* FFCreateGameViewController.m */,
				15AAC75F17F26202007313EF /* FFFindGameViewController.h */,
				15AAC76017F26202007313EF /* FFFindGameViewController.m */,
				15D756B117F37E7A0080AE4F /* FFMenuViewController.h */,
				15D756B217F37E7A0080AE4F /* FFMenuViewController.m */,
				15D756B817F38F000080AE4F /* FFContestViewController.h */,
				15D756B917F38F000080AE4F /* FFContestViewController.m */,
				15D756C117F3E5B50080AE4F /* FFRosterViewController.h */,
				15D756C217F3E5B50080AE4F /* FFRosterViewController.m */,
				15B06A0F17F6048300832F6D /* FFContestEntrantsViewController.h */,
				15B06A1017F6048300832F6D /* FFContestEntrantsViewController.m */,
			);
			name = Controllers;
			sourceTree = "<group>";
		};
		15A2378717E269A600225942 /* Images */ = {
			isa = PBXGroup;
			children = (
				15A2379A17E2813700225942 /* 0-percent.png */,
				15A2379B17E2813700225942 /* 40-percent.png */,
				15CD294317F73D9F0027DFEC /* greydot@2x.png */,
				15CD294417F73D9F0027DFEC /* greendot@2x.png */,
				15CD294517F73D9F0027DFEC /* reddot@2x.png */,
				15CD294917F73EA30027DFEC /* bluedot@2x.png */,
				15AAC76217F26603007313EF /* backbtn@2x.png */,
				15CE07E617F4BE5B0086EB78 /* sectionback@2x.png */,
				15E06C2117F5048000E8AB4D /* playerselectmask@2x.png */,
				15D756B417F3881C0080AE4F /* disclosuredark@2x.png */,
				15CD294B17F73F890027DFEC /* disclosurelight@2x.png */,
				15AAC74E17F1F83B007313EF /* rightshuttle@2x.png */,
				15AAC74F17F1F83B007313EF /* leftshuttle@2x.png */,
				1589CEAB17E96FE600A7233E /* darkgreen.png */,
				15D756AF17F2A7F80080AE4F /* contestcircle@2x.png */,
				15AAC75517F20866007313EF /* avatarmask@2x.png */,
				15AAC75717F20EFE007313EF /* defaultuser@2x.png */,
				1589CEB017E9804000A7233E /* bannerclose@2x.png */,
				1589CEA917E96E1400A7233E /* globalmenu@2x.png */,
				15D756B617F389570080AE4F /* globalmenu-highlighted@2x.png */,
				15A2378C17E2708100225942 /* fmf-splash-copy@2x.png */,
				15A2378A17E26E9900225942 /* fmf-logo@2x.png */,
				15A2378817E269BB00225942 /* fmf-splash-bg@2x.png */,
				15A237A017E2925300225942 /* fmf-splash-bg2@2x.png */,
				15AFA2E117EBFB9C00374613 /* helmet-placeholder.png */,
				15AFA2E317EBFBEF00374613 /* helmet-placeholder@2x.png */,
				15AFA2E517EBFDF000374613 /* player-cutout@2x.png */,
				15D756C717F489050080AE4F /* rosterslotempty@2x.png */,
			);
			name = Images;
			sourceTree = "<group>";
		};
		15A2378E17E2745B00225942 /* Utils */ = {
			isa = PBXGroup;
			children = (
				1538D31117F1064900B41E4F /* NSDate+ISO8601.h */,
				1538D31217F1064900B41E4F /* NSDate+ISO8601.m */,
				15A2378F17E2747000225942 /* FFStyle.h */,
				15A2379017E2747000225942 /* FFStyle.m */,
				15A237A517E29BF800225942 /* UIView+FindFirstResponder.h */,
				15A237A617E29BF800225942 /* UIView+FindFirstResponder.m */,
			);
			name = Utils;
			sourceTree = "<group>";
		};
		15A2379617E27C4500225942 /* Views */ = {
			isa = PBXGroup;
			children = (
				15A2379717E27C5600225942 /* FFTextField.h */,
				15A2379817E27C5600225942 /* FFTextField.m */,
				15A237A217E29ACC00225942 /* FFAlertView.h */,
				15A237A317E29ACC00225942 /* FFAlertView.m */,
				15AAC74B17F1D4B6007313EF /* FFMarketSelector.h */,
				15AAC74C17F1D4B6007313EF /* FFMarketSelector.m */,
				15AAC75217F207E9007313EF /* FFUserBitView.h */,
				15AAC75317F207E9007313EF /* FFUserBitView.m */,
				15AAC75917F22792007313EF /* FFGameButtonView.h */,
				15AAC75A17F22792007313EF /* FFGameButtonView.m */,
				15D756BB17F3A9320080AE4F /* FFContestView.h */,
				15D756BC17F3A9320080AE4F /* FFContestView.m */,
			);
			name = Views;
			sourceTree = "<group>";
		};
		15AAC76717F287B7007313EF /* Cells */ = {
			isa = PBXGroup;
			children = (
				15AAC76817F287EB007313EF /* FFContest2UpTabelViewCell.h */,
				15AAC76917F287EB007313EF /* FFContest2UpTabelViewCell.m */,
				15D756C417F485F00080AE4F /* FFRosterSlotCell.h */,
				15D756C517F485F10080AE4F /* FFRosterSlotCell.m */,
				15CE07E817F4DBEB0086EB78 /* FFPlayerSelectCell.h */,
				15CE07E917F4DBEB0086EB78 /* FFPlayerSelectCell.m */,
			);
			name = Cells;
			sourceTree = "<group>";
		};
/* End PBXGroup section */

/* Begin PBXNativeTarget section */
		153BBC2F17DFC2E40071E63B /* FMF Football */ = {
			isa = PBXNativeTarget;
			buildConfigurationList = 153BBC6B17DFC2E40071E63B /* Build configuration list for PBXNativeTarget "FMF Football" */;
			buildPhases = (
				0D792FF3BB1D416AB930AB6F /* Check Pods Manifest.lock */,
				153BBC2C17DFC2E40071E63B /* Sources */,
				153BBC2D17DFC2E40071E63B /* Frameworks */,
				153BBC2E17DFC2E40071E63B /* Resources */,
				DA383C078B3740729BB0AA45 /* Copy Pods Resources */,
			);
			buildRules = (
			);
			dependencies = (
			);
			name = "FMF Football";
			productName = "FMF Football";
			productReference = 153BBC3017DFC2E40071E63B /* FMF Football.app */;
			productType = "com.apple.product-type.application";
		};
		153BBC5817DFC2E40071E63B /* FMF FootballTests */ = {
			isa = PBXNativeTarget;
			buildConfigurationList = 153BBC6E17DFC2E40071E63B /* Build configuration list for PBXNativeTarget "FMF FootballTests" */;
			buildPhases = (
				153BBC5417DFC2E40071E63B /* Sources */,
				153BBC5517DFC2E40071E63B /* Frameworks */,
				153BBC5617DFC2E40071E63B /* Resources */,
				153BBC5717DFC2E40071E63B /* ShellScript */,
			);
			buildRules = (
			);
			dependencies = (
				153BBC5F17DFC2E40071E63B /* PBXTargetDependency */,
			);
			name = "FMF FootballTests";
			productName = "FMF FootballTests";
			productReference = 153BBC5917DFC2E40071E63B /* FMF FootballTests.octest */;
			productType = "com.apple.product-type.bundle";
		};
/* End PBXNativeTarget section */

/* Begin PBXProject section */
		153BBC2817DFC2E40071E63B /* Project object */ = {
			isa = PBXProject;
			attributes = {
				CLASSPREFIX = FF;
				LastUpgradeCheck = 0460;
				ORGANIZATIONNAME = FairMarketFantasy;
			};
			buildConfigurationList = 153BBC2B17DFC2E40071E63B /* Build configuration list for PBXProject "FMF Football" */;
			compatibilityVersion = "Xcode 3.2";
			developmentRegion = English;
			hasScannedForEncodings = 0;
			knownRegions = (
				en,
			);
			mainGroup = 153BBC2717DFC2E40071E63B;
			productRefGroup = 153BBC3117DFC2E40071E63B /* Products */;
			projectDirPath = "";
			projectRoot = "";
			targets = (
				153BBC2F17DFC2E40071E63B /* FMF Football */,
				153BBC5817DFC2E40071E63B /* FMF FootballTests */,
			);
		};
/* End PBXProject section */

/* Begin PBXResourcesBuildPhase section */
		153BBC2E17DFC2E40071E63B /* Resources */ = {
			isa = PBXResourcesBuildPhase;
			buildActionMask = 2147483647;
			files = (
				153BBC3E17DFC2E40071E63B /* InfoPlist.strings in Resources */,
				153BBC4617DFC2E40071E63B /* Default.png in Resources */,
				153BBC4817DFC2E40071E63B /* Default@2x.png in Resources */,
				153BBC4A17DFC2E40071E63B /* Default-568h@2x.png in Resources */,
				153BBC4D17DFC2E40071E63B /* MainStoryboard_iPhone.storyboard in Resources */,
				153BBC5017DFC2E40071E63B /* MainStoryboard_iPad.storyboard in Resources */,
				15A2378917E269BB00225942 /* fmf-splash-bg@2x.png in Resources */,
				15A2378B17E26E9900225942 /* fmf-logo@2x.png in Resources */,
				15A2378D17E2708100225942 /* fmf-splash-copy@2x.png in Resources */,
				15A2379517E277F700225942 /* ProhibitionRound.ttf in Resources */,
				15A2379C17E2813700225942 /* 0-percent.png in Resources */,
				15A2379D17E2813700225942 /* 40-percent.png in Resources */,
				15A237A117E2925300225942 /* fmf-splash-bg2@2x.png in Resources */,
				1589CEAA17E96E1400A7233E /* globalmenu@2x.png in Resources */,
				1589CEAC17E96FE600A7233E /* darkgreen.png in Resources */,
				1589CEB117E9804100A7233E /* bannerclose@2x.png in Resources */,
				15AFA2E217EBFB9C00374613 /* helmet-placeholder.png in Resources */,
				15AFA2E417EBFBEF00374613 /* helmet-placeholder@2x.png in Resources */,
				15AFA2E617EBFDF000374613 /* player-cutout@2x.png in Resources */,
				15AAC75017F1F83B007313EF /* rightshuttle@2x.png in Resources */,
				15AAC75117F1F83B007313EF /* leftshuttle@2x.png in Resources */,
				15AAC75617F20866007313EF /* avatarmask@2x.png in Resources */,
				15AAC75817F20EFE007313EF /* defaultuser@2x.png in Resources */,
				15AAC76317F26603007313EF /* backbtn@2x.png in Resources */,
				15D756B017F2A7F80080AE4F /* contestcircle@2x.png in Resources */,
				15D756B517F3881C0080AE4F /* disclosuredark@2x.png in Resources */,
				15D756B717F389570080AE4F /* globalmenu-highlighted@2x.png in Resources */,
				15D756C817F489050080AE4F /* rosterslotempty@2x.png in Resources */,
				15CE07E717F4BE5B0086EB78 /* sectionback@2x.png in Resources */,
				15E06C2217F5048000E8AB4D /* playerselectmask@2x.png in Resources */,
				15CD294617F73D9F0027DFEC /* greydot@2x.png in Resources */,
				15CD294717F73D9F0027DFEC /* greendot@2x.png in Resources */,
				15CD294817F73D9F0027DFEC /* reddot@2x.png in Resources */,
				15CD294A17F73EA30027DFEC /* bluedot@2x.png in Resources */,
				15CD294C17F73F890027DFEC /* disclosurelight@2x.png in Resources */,
			);
			runOnlyForDeploymentPostprocessing = 0;
		};
		153BBC5617DFC2E40071E63B /* Resources */ = {
			isa = PBXResourcesBuildPhase;
			buildActionMask = 2147483647;
			files = (
				153BBC6517DFC2E40071E63B /* InfoPlist.strings in Resources */,
			);
			runOnlyForDeploymentPostprocessing = 0;
		};
/* End PBXResourcesBuildPhase section */

/* Begin PBXShellScriptBuildPhase section */
		0D792FF3BB1D416AB930AB6F /* Check Pods Manifest.lock */ = {
			isa = PBXShellScriptBuildPhase;
			buildActionMask = 2147483647;
			files = (
			);
			inputPaths = (
			);
			name = "Check Pods Manifest.lock";
			outputPaths = (
			);
			runOnlyForDeploymentPostprocessing = 0;
			shellPath = /bin/sh;
			shellScript = "diff \"${PODS_ROOT}/../Podfile.lock\" \"${PODS_ROOT}/Manifest.lock\" > /dev/null\nif [[ $? != 0 ]] ; then\n    cat << EOM\nerror: The sandbox is not in sync with the Podfile.lock. Run 'pod install' or update your CocoaPods installation.\nEOM\n    exit 1\nfi\n";
		};
		153BBC5717DFC2E40071E63B /* ShellScript */ = {
			isa = PBXShellScriptBuildPhase;
			buildActionMask = 2147483647;
			files = (
			);
			inputPaths = (
			);
			outputPaths = (
			);
			runOnlyForDeploymentPostprocessing = 0;
			shellPath = /bin/sh;
			shellScript = "# Run the unit tests in this test bundle.\n\"${SYSTEM_DEVELOPER_DIR}/Tools/RunUnitTests\"\n";
		};
		DA383C078B3740729BB0AA45 /* Copy Pods Resources */ = {
			isa = PBXShellScriptBuildPhase;
			buildActionMask = 2147483647;
			files = (
			);
			inputPaths = (
			);
			name = "Copy Pods Resources";
			outputPaths = (
			);
			runOnlyForDeploymentPostprocessing = 0;
			shellPath = /bin/sh;
			shellScript = "\"${SRCROOT}/Pods/Pods-resources.sh\"\n";
		};
/* End PBXShellScriptBuildPhase section */

/* Begin PBXSourcesBuildPhase section */
		153BBC2C17DFC2E40071E63B /* Sources */ = {
			isa = PBXSourcesBuildPhase;
			buildActionMask = 2147483647;
			files = (
				153BBC4017DFC2E40071E63B /* main.m in Sources */,
				153BBC4417DFC2E40071E63B /* FFAppDelegate.m in Sources */,
				1535142C17DFF2B600F776AC /* FFUser.m in Sources */,
				15A2378517E268AA00225942 /* FFSessionViewController.m in Sources */,
				15A2379117E2747000225942 /* FFStyle.m in Sources */,
				15A2379917E27C5600225942 /* FFTextField.m in Sources */,
				15A237A417E29ACC00225942 /* FFAlertView.m in Sources */,
				15A237A717E29BF800225942 /* UIView+FindFirstResponder.m in Sources */,
				1589CEA817E90C1700A7233E /* FFHomeViewController.m in Sources */,
				1589CEAF17E9746A00A7233E /* FFBaseViewController.m in Sources */,
				152B545117EBA80600C4B7F7 /* FFTickerDrawerViewController.m in Sources */,
				152B545417EBA97300C4B7F7 /* FFTickerMaximizedDrawerViewController.m in Sources */,
				152B545717EBC93100C4B7F7 /* FFTickerMinimizedDrawerViewController.m in Sources */,
				152B545A17EBCEC600C4B7F7 /* FFDrawerViewController.m in Sources */,
				152B545D17EBDB3900C4B7F7 /* FFSession.m in Sources */,
				1538D31017F0E95800B41E4F /* FFMarket.m in Sources */,
				1538D31317F1064900B41E4F /* NSDate+ISO8601.m in Sources */,
				15AAC74D17F1D4B6007313EF /* FFMarketSelector.m in Sources */,
				15AAC75417F207E9007313EF /* FFUserBitView.m in Sources */,
				15AAC75B17F22792007313EF /* FFGameButtonView.m in Sources */,
				15AAC75E17F261F4007313EF /* FFCreateGameViewController.m in Sources */,
				15AAC76117F26202007313EF /* FFFindGameViewController.m in Sources */,
				15AAC76617F28294007313EF /* FFGame.m in Sources */,
				15AAC76A17F287EB007313EF /* FFContest2UpTabelViewCell.m in Sources */,
				15D756AE17F29AA90080AE4F /* FFContestType.m in Sources */,
				15D756B317F37E7A0080AE4F /* FFMenuViewController.m in Sources */,
				15D756BA17F38F000080AE4F /* FFContestViewController.m in Sources */,
				15D756BD17F3A9320080AE4F /* FFContestView.m in Sources */,
				15D756C017F3D4AD0080AE4F /* FFRoster.m in Sources */,
				15D756C317F3E5B50080AE4F /* FFRosterViewController.m in Sources */,
				15D756C617F485F10080AE4F /* FFRosterSlotCell.m in Sources */,
				15CE07EA17F4DBEB0086EB78 /* FFPlayerSelectCell.m in Sources */,
				15B06A1117F6048300832F6D /* FFContestEntrantsViewController.m in Sources */,
			);
			runOnlyForDeploymentPostprocessing = 0;
		};
		153BBC5417DFC2E40071E63B /* Sources */ = {
			isa = PBXSourcesBuildPhase;
			buildActionMask = 2147483647;
			files = (
				153BBC6817DFC2E40071E63B /* FMF_FootballTests.m in Sources */,
			);
			runOnlyForDeploymentPostprocessing = 0;
		};
/* End PBXSourcesBuildPhase section */

/* Begin PBXTargetDependency section */
		153BBC5F17DFC2E40071E63B /* PBXTargetDependency */ = {
			isa = PBXTargetDependency;
			target = 153BBC2F17DFC2E40071E63B /* FMF Football */;
			targetProxy = 153BBC5E17DFC2E40071E63B /* PBXContainerItemProxy */;
		};
/* End PBXTargetDependency section */

/* Begin PBXVariantGroup section */
		153BBC3C17DFC2E40071E63B /* InfoPlist.strings */ = {
			isa = PBXVariantGroup;
			children = (
				153BBC3D17DFC2E40071E63B /* en */,
			);
			name = InfoPlist.strings;
			sourceTree = "<group>";
		};
		153BBC4B17DFC2E40071E63B /* MainStoryboard_iPhone.storyboard */ = {
			isa = PBXVariantGroup;
			children = (
				153BBC4C17DFC2E40071E63B /* en */,
			);
			name = MainStoryboard_iPhone.storyboard;
			sourceTree = "<group>";
		};
		153BBC4E17DFC2E40071E63B /* MainStoryboard_iPad.storyboard */ = {
			isa = PBXVariantGroup;
			children = (
				153BBC4F17DFC2E40071E63B /* en */,
			);
			name = MainStoryboard_iPad.storyboard;
			sourceTree = "<group>";
		};
		153BBC6317DFC2E40071E63B /* InfoPlist.strings */ = {
			isa = PBXVariantGroup;
			children = (
				153BBC6417DFC2E40071E63B /* en */,
			);
			name = InfoPlist.strings;
			sourceTree = "<group>";
		};
/* End PBXVariantGroup section */

/* Begin XCBuildConfiguration section */
		153BBC6917DFC2E40071E63B /* Debug */ = {
			isa = XCBuildConfiguration;
			buildSettings = {
				ALWAYS_SEARCH_USER_PATHS = NO;
				CLANG_CXX_LANGUAGE_STANDARD = "gnu++0x";
				CLANG_CXX_LIBRARY = "libc++";
				CLANG_ENABLE_OBJC_ARC = YES;
				CLANG_WARN_CONSTANT_CONVERSION = YES;
				CLANG_WARN_EMPTY_BODY = YES;
				CLANG_WARN_ENUM_CONVERSION = YES;
				CLANG_WARN_INT_CONVERSION = YES;
				CLANG_WARN__DUPLICATE_METHOD_MATCH = YES;
				"CODE_SIGN_IDENTITY[sdk=iphoneos*]" = "iPhone Developer";
				COPY_PHASE_STRIP = NO;
				GCC_C_LANGUAGE_STANDARD = gnu99;
				GCC_DYNAMIC_NO_PIC = NO;
				GCC_OPTIMIZATION_LEVEL = 0;
				GCC_PREPROCESSOR_DEFINITIONS = (
					"DEBUG=1",
					"$(inherited)",
				);
				GCC_SYMBOLS_PRIVATE_EXTERN = NO;
				GCC_WARN_ABOUT_RETURN_TYPE = YES;
				GCC_WARN_UNINITIALIZED_AUTOS = YES;
				GCC_WARN_UNUSED_VARIABLE = YES;
				IPHONEOS_DEPLOYMENT_TARGET = 6.1;
				ONLY_ACTIVE_ARCH = YES;
				SDKROOT = iphoneos;
				TARGETED_DEVICE_FAMILY = "1,2";
			};
			name = Debug;
		};
		153BBC6A17DFC2E40071E63B /* Release */ = {
			isa = XCBuildConfiguration;
			buildSettings = {
				ALWAYS_SEARCH_USER_PATHS = NO;
				CLANG_CXX_LANGUAGE_STANDARD = "gnu++0x";
				CLANG_CXX_LIBRARY = "libc++";
				CLANG_ENABLE_OBJC_ARC = YES;
				CLANG_WARN_CONSTANT_CONVERSION = YES;
				CLANG_WARN_EMPTY_BODY = YES;
				CLANG_WARN_ENUM_CONVERSION = YES;
				CLANG_WARN_INT_CONVERSION = YES;
				CLANG_WARN__DUPLICATE_METHOD_MATCH = YES;
				"CODE_SIGN_IDENTITY[sdk=iphoneos*]" = "iPhone Developer";
				COPY_PHASE_STRIP = YES;
				GCC_C_LANGUAGE_STANDARD = gnu99;
				GCC_WARN_ABOUT_RETURN_TYPE = YES;
				GCC_WARN_UNINITIALIZED_AUTOS = YES;
				GCC_WARN_UNUSED_VARIABLE = YES;
				IPHONEOS_DEPLOYMENT_TARGET = 6.1;
				OTHER_CFLAGS = "-DNS_BLOCK_ASSERTIONS=1";
				SDKROOT = iphoneos;
				TARGETED_DEVICE_FAMILY = "1,2";
				VALIDATE_PRODUCT = YES;
			};
			name = Release;
		};
		153BBC6C17DFC2E40071E63B /* Debug */ = {
			isa = XCBuildConfiguration;
			baseConfigurationReference = FACE7B05A54E4AFCA3D2ADB7 /* Pods.xcconfig */;
			buildSettings = {
				FRAMEWORK_SEARCH_PATHS = (
					"$(inherited)",
					"\"$(SRCROOT)/../../../../../../../Library/Developer/Xcode/DerivedData/SBData-espmonekakqqpmdrtmmgxghainfj/Build/Products/Debug-iphoneos\"",
					"\"$(SRCROOT)\"",
					"\"$(SRCROOT)/../../../../../../../Documents/FacebookSDK\"",
				);
				GCC_PRECOMPILE_PREFIX_HEADER = YES;
				GCC_PREFIX_HEADER = "FMF Football/FMF Football-Prefix.pch";
				INFOPLIST_FILE = "FMF Football/FMF Football-Info.plist";
				PRODUCT_NAME = "$(TARGET_NAME)";
				WRAPPER_EXTENSION = app;
			};
			name = Debug;
		};
		153BBC6D17DFC2E40071E63B /* Release */ = {
			isa = XCBuildConfiguration;
			baseConfigurationReference = FACE7B05A54E4AFCA3D2ADB7 /* Pods.xcconfig */;
			buildSettings = {
				FRAMEWORK_SEARCH_PATHS = (
					"$(inherited)",
					"\"$(SRCROOT)/../../../../../../../Library/Developer/Xcode/DerivedData/SBData-espmonekakqqpmdrtmmgxghainfj/Build/Products/Debug-iphoneos\"",
					"\"$(SRCROOT)\"",
					"\"$(SRCROOT)/../../../../../../../Documents/FacebookSDK\"",
				);
				GCC_PRECOMPILE_PREFIX_HEADER = YES;
				GCC_PREFIX_HEADER = "FMF Football/FMF Football-Prefix.pch";
				INFOPLIST_FILE = "FMF Football/FMF Football-Info.plist";
				PRODUCT_NAME = "$(TARGET_NAME)";
				WRAPPER_EXTENSION = app;
			};
			name = Release;
		};
		153BBC6F17DFC2E40071E63B /* Debug */ = {
			isa = XCBuildConfiguration;
			buildSettings = {
				BUNDLE_LOADER = "$(BUILT_PRODUCTS_DIR)/FMF Football.app/FMF Football";
				FRAMEWORK_SEARCH_PATHS = (
					"\"$(SDKROOT)/Developer/Library/Frameworks\"",
					"\"$(DEVELOPER_LIBRARY_DIR)/Frameworks\"",
				);
				GCC_PRECOMPILE_PREFIX_HEADER = YES;
				GCC_PREFIX_HEADER = "FMF Football/FMF Football-Prefix.pch";
				INFOPLIST_FILE = "FMF FootballTests/FMF FootballTests-Info.plist";
				PRODUCT_NAME = "$(TARGET_NAME)";
				TEST_HOST = "$(BUNDLE_LOADER)";
				WRAPPER_EXTENSION = octest;
			};
			name = Debug;
		};
		153BBC7017DFC2E40071E63B /* Release */ = {
			isa = XCBuildConfiguration;
			buildSettings = {
				BUNDLE_LOADER = "$(BUILT_PRODUCTS_DIR)/FMF Football.app/FMF Football";
				FRAMEWORK_SEARCH_PATHS = (
					"\"$(SDKROOT)/Developer/Library/Frameworks\"",
					"\"$(DEVELOPER_LIBRARY_DIR)/Frameworks\"",
				);
				GCC_PRECOMPILE_PREFIX_HEADER = YES;
				GCC_PREFIX_HEADER = "FMF Football/FMF Football-Prefix.pch";
				INFOPLIST_FILE = "FMF FootballTests/FMF FootballTests-Info.plist";
				PRODUCT_NAME = "$(TARGET_NAME)";
				TEST_HOST = "$(BUNDLE_LOADER)";
				WRAPPER_EXTENSION = octest;
			};
			name = Release;
		};
/* End XCBuildConfiguration section */

/* Begin XCConfigurationList section */
		153BBC2B17DFC2E40071E63B /* Build configuration list for PBXProject "FMF Football" */ = {
			isa = XCConfigurationList;
			buildConfigurations = (
				153BBC6917DFC2E40071E63B /* Debug */,
				153BBC6A17DFC2E40071E63B /* Release */,
			);
			defaultConfigurationIsVisible = 0;
			defaultConfigurationName = Release;
		};
		153BBC6B17DFC2E40071E63B /* Build configuration list for PBXNativeTarget "FMF Football" */ = {
			isa = XCConfigurationList;
			buildConfigurations = (
				153BBC6C17DFC2E40071E63B /* Debug */,
				153BBC6D17DFC2E40071E63B /* Release */,
			);
			defaultConfigurationIsVisible = 0;
			defaultConfigurationName = Release;
		};
		153BBC6E17DFC2E40071E63B /* Build configuration list for PBXNativeTarget "FMF FootballTests" */ = {
			isa = XCConfigurationList;
			buildConfigurations = (
				153BBC6F17DFC2E40071E63B /* Debug */,
				153BBC7017DFC2E40071E63B /* Release */,
			);
			defaultConfigurationIsVisible = 0;
			defaultConfigurationName = Release;
		};
/* End XCConfigurationList section */
	};
	rootObject = 153BBC2817DFC2E40071E63B /* Project object */;
}
